<Project xmlns="http://schemas.microsoft.com/developer/msbuild/2003">
    <PropertyGroup>
        <ProjectGuid>{C0D5CC8A-8C2C-46DC-BAA5-A5A346209ED7}</ProjectGuid>
        <ProjectVersion>18.1</ProjectVersion>
        <FrameworkType>VCL</FrameworkType>
        <MainSource>store.dpr</MainSource>
        <Base>True</Base>
        <Config Condition="'$(Config)'==''">Debug</Config>
        <Platform Condition="'$(Platform)'==''">Win32</Platform>
        <TargetedPlatforms>1</TargetedPlatforms>
        <AppType>Application</AppType>
    </PropertyGroup>
    <PropertyGroup Condition="'$(Config)'=='Base' or '$(Base)'!=''">
        <Base>true</Base>
    </PropertyGroup>
    <PropertyGroup Condition="('$(Platform)'=='Win32' and '$(Base)'=='true') or '$(Base_Win32)'!=''">
        <Base_Win32>true</Base_Win32>
        <CfgParent>Base</CfgParent>
        <Base>true</Base>
    </PropertyGroup>
    <PropertyGroup Condition="'$(Config)'=='Debug' or '$(Cfg_1)'!=''">
        <Cfg_1>true</Cfg_1>
        <CfgParent>Base</CfgParent>
        <Base>true</Base>
    </PropertyGroup>
    <PropertyGroup Condition="('$(Platform)'=='Win32' and '$(Cfg_1)'=='true') or '$(Cfg_1_Win32)'!=''">
        <Cfg_1_Win32>true</Cfg_1_Win32>
        <CfgParent>Cfg_1</CfgParent>
        <Cfg_1>true</Cfg_1>
        <Base>true</Base>
    </PropertyGroup>
    <PropertyGroup Condition="'$(Config)'=='Release' or '$(Cfg_2)'!=''">
        <Cfg_2>true</Cfg_2>
        <CfgParent>Base</CfgParent>
        <Base>true</Base>
    </PropertyGroup>
    <PropertyGroup Condition="('$(Platform)'=='Win32' and '$(Cfg_2)'=='true') or '$(Cfg_2_Win32)'!=''">
        <Cfg_2_Win32>true</Cfg_2_Win32>
        <CfgParent>Cfg_2</CfgParent>
        <Cfg_2>true</Cfg_2>
        <Base>true</Base>
    </PropertyGroup>
    <PropertyGroup Condition="'$(Base)'!=''">
        <Icon_MainIcon>$(BDS)\bin\delphi_PROJECTICON.ico</Icon_MainIcon>
        <DCC_Namespace>System;Xml;Data;Datasnap;Web;Soap;Vcl;Vcl.Imaging;Vcl.Touch;Vcl.Samples;Vcl.Shell;$(DCC_Namespace)</DCC_Namespace>
        <SanitizedProjectName>store</SanitizedProjectName>
        <DCC_DcuOutput>.\$(Platform)\$(Config)</DCC_DcuOutput>
        <DCC_ExeOutput>.\$(Platform)\$(Config)</DCC_ExeOutput>
        <DCC_E>false</DCC_E>
        <DCC_N>false</DCC_N>
        <DCC_S>false</DCC_S>
        <DCC_F>false</DCC_F>
        <DCC_K>false</DCC_K>
    </PropertyGroup>
    <PropertyGroup Condition="'$(Base_Win32)'!=''">
        <DCC_UsePackage>DBXSqliteDriver;DBXDb2Driver;dxCoreRS23;vclactnband;frxe23;vclFireDAC;dxPSLnksRS23;dxPSdxLCLnkRS23;tethering;cxDataRS23;dxPSdxOCLnkRS23;dxTabbedMDIRS23;FireDACADSDriver;fsTee23;dxSkinBlackRS23;dxSkinLondonLiquidSkyRS23;JvPluginSystem;dxDBXServerModeRS23;dxHttpIndyRequestRS23;dxPScxGridLnkRS23;cxSchedulerRS23;FireDACMSSQLDriver;vcltouch;JvBands;vcldb;Intraweb;svn;JvJans;frxcs23;dxWizardControlRS23;dxPScxCommonRS23;dxSkinMcSkinRS23;dxSkinOffice2007BlueRS23;dxBarRS23;cxSchedulerRibbonStyleEventEditorRS23;dxSkinOffice2013WhiteRS23;JvDotNetCtrls;dxPSTeeChartRS23;cxLibraryRS23;dxSkinVisualStudio2013LightRS23;vclib;cxPivotGridChartRS23;dxSkinSummer2008RS23;dxPSdxDBOCLnkRS23;fsDB23;dxGDIPlusRS23;dxSkinDarkSideRS23;FireDACDBXDriver;tmsexdXE10;dxSkinFoggyRS23;dxSkinSevenRS23;vclx;dxSkinOffice2010SilverRS23;dxdborRS23;RESTBackendComponents;dxLayoutControlRS23;dxPSPrVwRibbonRS23;VCLRESTComponents;dxSkinDevExpressStyleRS23;dxSkinWhiteprintRS23;vclie;bindengine;CloudService;JvHMI;FireDACMySQLDriver;dxSkinOffice2013DarkGrayRS23;DataSnapClient;dxPScxPCProdRS23;fsADO23;bindcompdbx;DBXSybaseASEDriver;IndyIPServer;dxSkinPumpkinRS23;IndySystem;tmsxlsdXE10;dsnapcon;cxTreeListdxBarPopupMenuRS23;FireDACMSAccDriver;fmxFireDAC;FireDACInfxDriver;vclimg;dxSkinLilianRS23;Jcl;frxADO23;dxBarDBNavRS23;dxFlowChartRS23;dxSkinOffice2016ColorfulRS23;DBXOdbcDriver;FireDACTDataDriver;FMXTee;fs23;soaprtl;DbxCommonDriver;dxSpreadSheetRS23;JvManagedThreads;dxSkinOffice2007PinkRS23;dxPSdxSpreadSheetLnkRS23;xmlrtl;soapmidas;DataSnapNativeClient;fmxobj;JvTimeFramework;dxSkinHighContrastRS23;rtl;dxSkinSevenClassicRS23;DbxClientDriver;dxSkinDevExpressDarkStyleRS23;DBXSybaseASADriver;dxNavBarRS23;dxSkinMetropolisDarkRS23;dxSkinTheAsphaltWorldRS23;JvSystem;JvStdCtrls;dxRichEditControlRS23;appanalytics;cxPivotGridRS23;dxSkinsdxDLPainterRS23;IndyIPClient;dxRibbonRS23;dxPScxVGridLnkRS23;bindcompvcl;frxDB23;dxSkinOffice2007SilverRS23;dxPScxTLLnkRS23;dxMapControlRS23;TeeUI;JvDocking;JvPascalInterpreter;VclSmp;dxPScxSchedulerLnkRS23;cxTreeListRS23;FireDACODBCDriver;JclVcl;DataSnapIndy10ServerTransport;dxRibbonCustomizationFormRS23;dxPSRichEditControlLnkRS23;dxBarExtDBItemsRS23;DataSnapProviderClient;FireDACMongoDBDriver;dxSkiniMaginaryRS23;JvControls;frx23;JvPrintPreview;dxSpellCheckerRS23;dxSkinsdxBarPainterRS23;dxSkinCoffeeRS23;DataSnapServerMidas;RESTComponents;DBXInterBaseDriver;dxADOServerModeRS23;emsclientfiredac;DataSnapFireDAC;svnui;JvGlobus;dxmdsRS23;dxdbtrRS23;dxPSDBTeeChartRS23;dxSkinLiquidSkyRS23;dxSkinSpringTimeRS23;dxPSCoreRS23;dxSkinscxPCPainterRS23;DBXMSSQLDriver;JvMM;dxSkinXmas2008BlueRS23;DatasnapConnectorsFreePascal;bindcompfmx;JvNet;DBXOracleDriver;dxSkinSilverRS23;dxSkinValentineRS23;inetdb;JvAppFrm;FmxTeeUI;dxBarExtItemsRS23;FireDACIBDriver;fmx;fmxdae;frxDBX23;dxServerModeRS23;dxPsPrVwAdvRS23;dxSkinOffice2010BlackRS23;JvWizards;cxPageControlRS23;dxSkinStardustRS23;cxSchedulerGridRS23;dbexpress;IndyCore;dxSkinSharpPlusRS23;JvPageComps;dsnap;DataSnapCommon;emsclient;FireDACCommon;dxSkinOffice2010BlueRS23;JvDB;dxSkinVS2010RS23;dxSkinMetropolisRS23;DataSnapConnectors;cxVerticalGridRS23;soapserver;dxSkinCaramelRS23;frxTee23;dxTileControlRS23;JclDeveloperTools;cxGridRS23;FireDACOracleDriver;DBXMySQLDriver;JvCmp;DBXFirebirdDriver;FireDACCommonDriver;inet;IndyIPCommon;JvCustom;dxSkinDarkRoomRS23;dxDockingRS23;vcl;dxSkinOffice2007GreenRS23;JvXPCtrls;dxPScxExtCommonRS23;dxSkinsCoreRS23;FireDACDb2Driver;dxThemeRS23;dxSkinsdxRibbonPainterRS23;dxSkinVisualStudio2013BlueRS23;dxSkinMoneyTwinsRS23;dxPSdxFCLnkRS23;dxtrmdRS23;TeeDB;FireDAC;cxSchedulerTreeBrowserRS23;JvCore;dxFireDACServerModeRS23;dxSkinBlueRS23;JvCrypt;FireDACSqliteDriver;FireDACPgDriver;ibmonitor;FireDACASADriver;cxEditorsRS23;dxSkinGlassOceansRS23;JvDlgs;JvRuntimeDesign;dxSkinsdxNavBarPainterRS23;dxGaugeControlRS23;ibxpress;Tee;cxPivotGridOLAPRS23;DataSnapServer;ibxbindings;dxSkinSharpRS23;vclwinx;FireDACDSDriver;dxSkinBlueprintRS23;dxSkinOffice2007BlackRS23;CustomIPTransport;vcldsnap;dxSkinOffice2013LightGrayRS23;bindcomp;DBXInformixDriver;tmswizdXE10;dxPSdxGaugeControlLnkRS23;fsIBX23;dxPScxPivotGridLnkRS23;dxorgcRS23;dxPSdxDBTVLnkRS23;vclribbon;dbxcds;frxIBX23;adortl;SUIPackD23;dxComnRS23;dsnapxml;dbrtl;inetdbxpress;IndyProtocols;cxExportRS23;dxSkinOffice2016DarkRS23;JclContainers;dxSkinVisualStudio2013DarkRS23;dxSkinscxSchedulerPainterRS23;tmsdXE10;fmxase;$(DCC_UsePackage)</DCC_UsePackage>
        <VerInfo_IncludeVerInfo>true</VerInfo_IncludeVerInfo>
        <DCC_Namespace>Winapi;System.Win;Data.Win;Datasnap.Win;Web.Win;Soap.Win;Xml.Win;Bde;$(DCC_Namespace)</DCC_Namespace>
        <Manifest_File>$(BDS)\bin\default_app.manifest</Manifest_File>
        <VerInfo_Locale>1033</VerInfo_Locale>
        <VerInfo_Keys>CompanyName=;FileDescription=;FileVersion=1.0.0.0;InternalName=;LegalCopyright=;LegalTrademarks=;OriginalFilename=;ProductName=;ProductVersion=2;Comments=</VerInfo_Keys>
    </PropertyGroup>
    <PropertyGroup Condition="'$(Cfg_1)'!=''">
        <DCC_Define>DEBUG;$(DCC_Define)</DCC_Define>
        <DCC_DebugDCUs>true</DCC_DebugDCUs>
        <DCC_Optimize>false</DCC_Optimize>
        <DCC_GenerateStackFrames>true</DCC_GenerateStackFrames>
        <DCC_DebugInfoInExe>true</DCC_DebugInfoInExe>
        <DCC_RemoteDebug>true</DCC_RemoteDebug>
    </PropertyGroup>
    <PropertyGroup Condition="'$(Cfg_1_Win32)'!=''">
        <VerInfo_Keys>CompanyName=;FileDescription=;FileVersion=1.0.0.0;InternalName=;LegalCopyright=;LegalTrademarks=;OriginalFilename=;ProductName=;ProductVersion=2.1.1.2;Comments=</VerInfo_Keys>
        <VerInfo_Locale>1033</VerInfo_Locale>
        <DCC_DcuOutput>..\bin\</DCC_DcuOutput>
        <DCC_ExeOutput>..\bin\</DCC_ExeOutput>
        <Icon_MainIcon>store_Icon.ico</Icon_MainIcon>
        <VerInfo_IncludeVerInfo>true</VerInfo_IncludeVerInfo>
        <AppEnableRuntimeThemes>true</AppEnableRuntimeThemes>
        <AppEnableHighDPI>true</AppEnableHighDPI>
        <DCC_RemoteDebug>false</DCC_RemoteDebug>
    </PropertyGroup>
    <PropertyGroup Condition="'$(Cfg_2)'!=''">
        <VerInfo_Locale>1033</VerInfo_Locale>
        <DCC_LocalDebugSymbols>false</DCC_LocalDebugSymbols>
        <DCC_Define>RELEASE;$(DCC_Define)</DCC_Define>
        <DCC_SymbolReferenceInfo>0</DCC_SymbolReferenceInfo>
        <DCC_DebugInformation>0</DCC_DebugInformation>
    </PropertyGroup>
    <PropertyGroup Condition="'$(Cfg_2_Win32)'!=''">
        <VerInfo_Keys>CompanyName=;FileDescription=;FileVersion=2.2017.3.3;InternalName=;LegalCopyright=;LegalTrademarks=;OriginalFilename=;ProductName=;ProductVersion=2.2017.3.1;Comments=</VerInfo_Keys>
        <VerInfo_Release>3</VerInfo_Release>
        <VerInfo_Build>3</VerInfo_Build>
        <VerInfo_MinorVer>2017</VerInfo_MinorVer>
        <VerInfo_MajorVer>2</VerInfo_MajorVer>
        <DCC_ExeOutput>D:\SharedProjects\Projects\build\Retno\bin\</DCC_ExeOutput>
        <VerInfo_IncludeVerInfo>true</VerInfo_IncludeVerInfo>
        <AppEnableRuntimeThemes>true</AppEnableRuntimeThemes>
        <AppEnableHighDPI>true</AppEnableHighDPI>
    </PropertyGroup>
    <ItemGroup>
        <DelphiCompile Include="$(MainSource)">
            <MainSource>MainSource</MainSource>
        </DelphiCompile>
        <DCCReference Include="..\module\login\ufrmLogin.pas">
            <Form>frmLogin</Form>
        </DCCReference>
        <DCCReference Include="..\system\ufraFooter1Button.pas">
            <Form>fraFooter1Button</Form>
            <DesignClass>TFrame</DesignClass>
        </DCCReference>
        <DCCReference Include="..\system\ufraFooter5Button.pas">
            <Form>fraFooter5Button</Form>
            <DesignClass>TFrame</DesignClass>
        </DCCReference>
        <DCCReference Include="..\system\ufraLoading.pas">
            <Form>fraLoading</Form>
            <DesignClass>TFrame</DesignClass>
        </DCCReference>
        <DCCReference Include="..\system\ufraProgressBar.pas">
            <Form>fraProgressBar</Form>
            <DesignClass>TFrame</DesignClass>
        </DCCReference>
        <DCCReference Include="ui\ufrmSplash.pas">
            <Form>frmSplash</Form>
            <FormType>dfm</FormType>
        </DCCReference>
        <DCCReference Include="..\system\ufraFooterDialog2Button.pas">
            <Form>fraFooterDialog2Button</Form>
            <DesignClass>TFrame</DesignClass>
        </DCCReference>
        <DCCReference Include="..\system\ufrmMasterDialog.pas">
            <Form>frmMasterDialog</Form>
        </DCCReference>
        <DCCReference Include="..\system\ufrmMaster.pas">
            <Form>frmMaster</Form>
        </DCCReference>
        <DCCReference Include="ui\udmMain.pas">
            <Form>dmMain</Form>
            <FormType>dfm</FormType>
            <DesignClass>TDataModule</DesignClass>
        </DCCReference>
        <DCCReference Include="ui\ufrmAbout.pas">
            <Form>frmAbout</Form>
            <FormType>dfm</FormType>
        </DCCReference>
        <DCCReference Include="..\system\uFormProperty.pas"/>
        <DCCReference Include="..\lib\uConn.pas"/>
        <DCCReference Include="..\lib\uDBUtils.pas"/>
        <DCCReference Include="..\lib\uDSUtils.pas"/>
        <DCCReference Include="..\lib\uDXUtils.pas"/>
        <DCCReference Include="..\lib\uNetUtils.pas"/>
        <DCCReference Include="..\lib\uTSINIFile.pas"/>
        <DCCReference Include="unit\uConstanta.pas"/>
        <DCCReference Include="..\system\uRetnoUnit.pas"/>
        <DCCReference Include="..\system\uTSCommonDlg.pas"/>
        <DCCReference Include="..\system\ufraFooter4Button.pas">
            <Form>fraFooter4Button</Form>
            <FormType>dfm</FormType>
            <DesignClass>TFrame</DesignClass>
        </DCCReference>
        <DCCReference Include="..\system\ufraFooterDialog3Button.pas">
            <Form>fraFooterDialog3Button</Form>
            <FormType>dfm</FormType>
            <DesignClass>TFrame</DesignClass>
        </DCCReference>
        <DCCReference Include="..\classes\uCompany.pas"/>
        <DCCReference Include="..\classes\uTSBaseClass.pas"/>
        <DCCReference Include="..\model\uModApp.pas"/>
        <DCCReference Include="..\model\uModAuthApp.pas"/>
        <DCCReference Include="..\model\uModCompany.pas"/>
        <DCCReference Include="..\model\uModOutlet.pas"/>
        <DCCReference Include="..\model\uModTest.pas"/>
        <DCCReference Include="..\model\uModBank.pas"/>
        <DCCReference Include="..\model\uModRekening.pas"/>
        <DCCReference Include="..\module\so\ufrmHistorySO.pas">
            <Form>frmHistorySO</Form>
        </DCCReference>
        <DCCReference Include="..\system\ufrmMasterBrowse.pas">
            <Form>frmMasterBrowse</Form>
            <FormType>dfm</FormType>
        </DCCReference>
        <DCCReference Include="..\module\so\ufrmDialogDetailSO.pas">
            <Form>frmDialogDetailSO</Form>
        </DCCReference>
        <DCCReference Include="..\module\so\ufrmSearchSO.pas">
            <Form>frmDialogSearchSO</Form>
        </DCCReference>
        <DCCReference Include="..\system\ufrmMasterDialogBrowse.pas">
            <Form>frmMasterDialogBrowse</Form>
            <FormType>dfm</FormType>
        </DCCReference>
        <DCCReference Include="..\lib\uAppUtils.pas"/>
        <DCCReference Include="..\module\so\ufrmDialogAddProductForSO.pas">
            <Form>frmDialogAddProductForSO</Form>
        </DCCReference>
        <DCCReference Include="..\module\product\ufrmSearchProduct.pas">
            <Form>frmDialogSearchProduct</Form>
        </DCCReference>
        <DCCReference Include="..\module\customer_support\ufrmDialogMemberShip.pas">
            <Form>frmDialogMemberShip</Form>
        </DCCReference>
        <DCCReference Include="..\module\customer_support\ufrmSearchCompanyMember.pas">
            <Form>frmDialogSearchCompanyMember</Form>
        </DCCReference>
        <DCCReference Include="..\module\customer_support\ufrmDialogFamilyMember.pas">
            <Form>frmDialogFamilyMember</Form>
        </DCCReference>
        <DCCReference Include="..\module\customer_support\ufrmSearchStatusKlrg.pas">
            <Form>frmDialogSearchStatusKlrg</Form>
        </DCCReference>
        <DCCReference Include="..\module\customer_support\ufrmDialogPersonalMember.pas">
            <Form>frmDialogPersonalMember</Form>
        </DCCReference>
        <DCCReference Include="..\module\customer_support\ufrmSearchTypeMember.pas">
            <Form>frmDialogSearchTypeMember</Form>
        </DCCReference>
        <DCCReference Include="..\module\customer_support\ufrmPopupFamilyMember.pas">
            <Form>frmPopupFamilyMember</Form>
        </DCCReference>
        <DCCReference Include="..\module\customer_support\ufrmPopupPersonalMember.pas">
            <Form>frmPopupPersonalMember</Form>
        </DCCReference>
        <DCCReference Include="..\module\inventory\ufrmGudang.pas">
            <Form>frmGudang</Form>
        </DCCReference>
        <DCCReference Include="..\module\inventory\ufrmDialogGudang.pas">
            <Form>frmDialogGudang</Form>
        </DCCReference>
        <DCCReference Include="..\system\uInterface.pas"/>
        <DCCReference Include="..\module\trader\ufrmTrader.pas">
            <Form>frmTrader</Form>
        </DCCReference>
        <DCCReference Include="..\module\trader\ufrmDialogTrader.pas">
            <Form>frmDialogTrader</Form>
        </DCCReference>
        <DCCReference Include="..\module\trader\ufrmDialogPlafonTrader.pas">
            <Form>frmDialogPlafonTrader</Form>
        </DCCReference>
        <DCCReference Include="..\module\merchandise\ufrmSearchPO.pas">
            <Form>frmDialogSearchPO</Form>
        </DCCReference>
        <DCCReference Include="..\module\trader\ufrmCrazyPrice.pas">
            <Form>frmCrazyPrice</Form>
        </DCCReference>
        <DCCReference Include="..\module\trader\ufrmCrazyPriceDialog.pas">
            <Form>frmCrazyPriceDialog</Form>
        </DCCReference>
        <DCCReference Include="..\module\trader\ufrmPOFromTrader.pas">
            <Form>ufrmPOFromTrader</Form>
        </DCCReference>
        <DCCReference Include="..\module\trader\ufrmDialogPOFromTrader.pas">
            <Form>frmDialogPOFromTrader</Form>
        </DCCReference>
        <DCCReference Include="..\module\cashier_supv\ufrmDialogPrintKasirPreview.pas">
            <Form>frmDialogPrintKasirPreview</Form>
        </DCCReference>
        <DCCReference Include="..\system\uTemplatePrintText.pas"/>
        <DCCReference Include="..\system\uDMClient.pas">
            <Form>DMClient</Form>
            <FormType>dfm</FormType>
            <DesignClass>TDataModule</DesignClass>
        </DCCReference>
        <DCCReference Include="..\classes\uClientClasses.pas"/>
        <DCCReference Include="..\module\customer_support\ufrmMemberShip.pas">
            <Form>frmMemberShip</Form>
            <FormType>dfm</FormType>
        </DCCReference>
        <DCCReference Include="..\model\uModMember.pas"/>
        <DCCReference Include="..\model\uModTipePerusahaan.pas"/>
        <DCCReference Include="..\module\so\ufrmInputSupplierForNotSO.pas">
            <Form>frmInputSupplierForNotSO</Form>
            <FormType>dfm</FormType>
        </DCCReference>
        <DCCReference Include="..\module\so\ufrmDialogInputSupplierForNotSO.pas">
            <Form>frmDialogInputSupplierForNotSO</Form>
            <FormType>dfm</FormType>
        </DCCReference>
        <DCCReference Include="..\module\so\ufrmInputProductForNotSO.pas">
            <Form>frmInputProductForNotSO</Form>
            <FormType>dfm</FormType>
        </DCCReference>
        <DCCReference Include="..\module\so\ufrmDialogInputProductForNotSO.pas">
            <Form>frmDialogInputProductForNotSO</Form>
            <FormType>dfm</FormType>
        </DCCReference>
        <DCCReference Include="..\module\so\ufrmCreateSO.pas">
            <Form>frmCreateSO</Form>
            <FormType>dfm</FormType>
        </DCCReference>
        <DCCReference Include="..\module\po\ufrmGeneratePOForAll.pas">
            <Form>frmGeneratePOforAll</Form>
            <FormType>dfm</FormType>
        </DCCReference>
        <DCCReference Include="..\module\po\ufrmGeneratePOBonus.pas">
            <Form>frmGeneratePOBonus</Form>
            <FormType>dfm</FormType>
        </DCCReference>
        <DCCReference Include="..\module\merchandise\ufrmChangeStatusPO.pas">
            <Form>frmChangeStatusPO</Form>
            <FormType>dfm</FormType>
        </DCCReference>
        <DCCReference Include="..\module\po\ufrmCancellationPO.pas">
            <Form>frmCancellationPO</Form>
            <FormType>dfm</FormType>
        </DCCReference>
        <DCCReference Include="..\module\po\ufrmApprovalPO.pas">
            <Form>frmApprovallPO</Form>
            <FormType>dfm</FormType>
        </DCCReference>
        <DCCReference Include="..\module\merchandise\ufrmSearchSupplier.pas">
            <Form>frmDialogSearchSupplier</Form>
            <FormType>dfm</FormType>
        </DCCReference>
        <DCCReference Include="..\module\product\ufrmProduct.pas">
            <Form>frmProduct</Form>
            <FormType>dfm</FormType>
        </DCCReference>
        <DCCReference Include="..\module\product\ufraStockCard.pas">
            <Form>fraStockCard</Form>
            <FormType>dfm</FormType>
            <DesignClass>TFrame</DesignClass>
        </DCCReference>
        <DCCReference Include="..\module\product\ufraSellingPrice.pas">
            <Form>fraSellingPrice</Form>
            <FormType>dfm</FormType>
            <DesignClass>TFrame</DesignClass>
        </DCCReference>
        <DCCReference Include="..\module\product\ufraProductTurunan.pas">
            <Form>fraProductTurunan</Form>
            <FormType>dfm</FormType>
            <DesignClass>TFrame</DesignClass>
        </DCCReference>
        <DCCReference Include="..\module\product\ufraProductSupplier.pas">
            <Form>fraProductSupplier</Form>
            <FormType>dfm</FormType>
            <DesignClass>TFrame</DesignClass>
        </DCCReference>
        <DCCReference Include="..\module\product\ufraBonusProduct.pas">
            <Form>fraBonusProduct</Form>
            <FormType>dfm</FormType>
            <DesignClass>TFrame</DesignClass>
        </DCCReference>
        <DCCReference Include="..\module\product\ufraUOMConvertion.pas">
            <Form>fraUOMConvertion</Form>
            <FormType>dfm</FormType>
            <DesignClass>TFrame</DesignClass>
        </DCCReference>
        <DCCReference Include="..\module\product\ufraAlokasiStock.pas">
            <Form>fraAlokasiStock</Form>
            <FormType>dfm</FormType>
            <DesignClass>TFrame</DesignClass>
        </DCCReference>
        <DCCReference Include="..\module\product\ufrmDialogProduct.pas">
            <Form>frmDialogProduct</Form>
            <FormType>dfm</FormType>
        </DCCReference>
        <DCCReference Include="..\model\uModBarang.pas"/>
        <DCCReference Include="..\model\uModRefPajak.pas"/>
        <DCCReference Include="..\model\uModSatuan.pas"/>
        <DCCReference Include="..\module\product\ufrmDialogMerk.pas">
            <Form>frmDialogMerk</Form>
            <FormType>dfm</FormType>
        </DCCReference>
        <DCCReference Include="..\classes\uSpecialKey.pas"/>
        <DCCReference Include="..\module\merchandise\ufraHistoriPOByProduct.pas">
            <Form>fraHistoriPOByProduct</Form>
            <FormType>dfm</FormType>
            <DesignClass>TFrame</DesignClass>
        </DCCReference>
        <DCCReference Include="..\system\ufrmDialogPrintPreview.pas">
            <Form>frmDialogPrintPreview</Form>
            <FormType>dfm</FormType>
        </DCCReference>
        <DCCReference Include="..\system\uDMReport.pas">
            <Form>DMReport</Form>
            <FormType>dfm</FormType>
        </DCCReference>
        <DCCReference Include="..\lib\HPHELP.PAS"/>
        <DCCReference Include="..\module\inventory\ufrmGoodsReceiving.pas">
            <Form>frmGoodsReceiving</Form>
            <FormType>dfm</FormType>
        </DCCReference>
        <DCCReference Include="..\module\merchandise\ufrmDisplayPO.pas">
            <Form>frmDisplayPO</Form>
            <FormType>dfm</FormType>
        </DCCReference>
        <DCCReference Include="ui\ufrmMain.pas">
            <Form>frmMain</Form>
            <FormType>dfm</FormType>
        </DCCReference>
        <DCCReference Include="..\module\merchandise\ufrmServiceLevel.pas">
            <Form>frmServiceLevel</Form>
            <FormType>dfm</FormType>
        </DCCReference>
        <DCCReference Include="..\module\inventory\ufrmDSI.pas">
            <Form>frmDSI</Form>
            <FormType>dfm</FormType>
        </DCCReference>
        <DCCReference Include="..\model\uModGudang.pas"/>
        <DCCReference Include="..\model\uModUnit.pas"/>
        <DCCReference Include="..\model\uModPropinsi.pas"/>
        <DCCReference Include="..\module\inventory\ufrmWastageReal.pas">
            <Form>frmWastageReal</Form>
            <FormType>dfm</FormType>
        </DCCReference>
        <DCCReference Include="..\lib\uSpell.pas"/>
        <DCCReference Include="..\module\inventory\ufrmSearchWastageReal.pas">
            <Form>frmSearchWastageReal</Form>
            <FormType>dfm</FormType>
        </DCCReference>
        <DCCReference Include="..\module\inventory\ufrmDialogWastageReal.pas">
            <Form>frmDialogWastageReal</Form>
            <FormType>dfm</FormType>
        </DCCReference>
        <DCCReference Include="..\module\inventory\ufrmReprintNP.pas">
            <Form>frmReprintNP</Form>
            <FormType>dfm</FormType>
        </DCCReference>
        <DCCReference Include="..\module\cashier_supv\ufrmProductForSelling.pas">
            <Form>frmProductForSelling</Form>
            <FormType>dfm</FormType>
        </DCCReference>
        <DCCReference Include="..\module\cashier_supv\ufrmDialogActivatePOS.pas">
            <Form>frmDialogActivePOS</Form>
            <FormType>dfm</FormType>
        </DCCReference>
        <DCCReference Include="..\module\cashier_supv\ufrmActivatePOS.pas">
            <Form>frmActivatePOS</Form>
            <FormType>dfm</FormType>
        </DCCReference>
        <DCCReference Include="..\module\cashier_supv\ufrmBeginningBalancePOS.pas">
            <Form>frmBeginningBalancePOS</Form>
            <FormType>dfm</FormType>
        </DCCReference>
        <DCCReference Include="..\module\cashier_supv\ufrmDialogBeginningBalancePOS.pas">
            <Form>frmDialogBeginBalancePOS</Form>
            <FormType>dfm</FormType>
        </DCCReference>
        <DCCReference Include="..\module\cashier_supv\ufrmMaintenancePassword.pas">
            <Form>frmMaintenancePassword</Form>
            <FormType>dfm</FormType>
        </DCCReference>
        <DCCReference Include="..\module\cashier_supv\ufrmDialogMaintenancePassword.pas">
            <Form>frmDialogMaintenancePassword</Form>
            <FormType>dfm</FormType>
        </DCCReference>
        <DCCReference Include="..\module\cashier_supv\ufrmFinalPayment.pas">
            <Form>frmFinalPayment</Form>
            <FormType>dfm</FormType>
        </DCCReference>
        <DCCReference Include="..\module\cashier_supv\ufrmDialogFinalPayment.pas">
            <Form>frmDialogFinalPayment</Form>
            <FormType>dfm</FormType>
        </DCCReference>
        <DCCReference Include="..\module\cashier_supv\ufrmPopupHistCDFP.pas">
            <Form>frmPopupHistCDFP</Form>
            <FormType>dfm</FormType>
        </DCCReference>
        <DCCReference Include="..\module\cashier_supv\ufrmAdjustmentCashier.pas">
            <Form>frmAdjustmentCashier</Form>
            <FormType>dfm</FormType>
        </DCCReference>
        <DCCReference Include="..\module\cashier_supv\ufrmDialogAdjustmentCashier.pas">
            <Form>frmDialogAdjustmentCashier</Form>
            <FormType>dfm</FormType>
        </DCCReference>
        <DCCReference Include="..\module\cashier_supv\ufrmCreditCard.pas">
            <Form>frmCreditCard</Form>
            <FormType>dfm</FormType>
        </DCCReference>
        <DCCReference Include="..\module\cashier_supv\ufrmDialogCreditCard.pas">
            <Form>frmDialogCreditCard</Form>
            <FormType>dfm</FormType>
        </DCCReference>
        <DCCReference Include="..\module\cashier_supv\ufrmCashDropping.pas">
            <Form>frmCashDropping</Form>
            <FormType>dfm</FormType>
        </DCCReference>
        <DCCReference Include="..\module\cashier_supv\ufrmDialogCashDropping.pas">
            <Form>frmDialogCashDropping</Form>
            <FormType>dfm</FormType>
        </DCCReference>
        <DCCReference Include="..\module\cashier_supv\ufrmPopupHistCD.pas">
            <Form>frmPopupHistCD</Form>
            <FormType>dfm</FormType>
        </DCCReference>
        <DCCReference Include="..\module\cashier_supv\ufrmResetCashier.pas">
            <Form>frmResetCashier</Form>
            <FormType>dfm</FormType>
        </DCCReference>
        <DCCReference Include="..\model\uModTipePembayaran.pas"/>
        <DCCReference Include="..\model\uModTipeKirimPO.pas"/>
        <DCCReference Include="..\module\cashier_supv\ufrmReturNota.pas">
            <Form>frmReturNota</Form>
            <FormType>dfm</FormType>
        </DCCReference>
        <DCCReference Include="..\module\cashier_supv\ufrmDialogReturNota.pas">
            <Form>frmDialogReturNota</Form>
            <FormType>dfm</FormType>
        </DCCReference>
        <DCCReference Include="..\module\cashier_supv\ufraPaymentReturNota.pas">
            <Form>fraPaymentNotaRetur</Form>
            <FormType>dfm</FormType>
            <DesignClass>TFrame</DesignClass>
        </DCCReference>
        <DCCReference Include="..\module\cashier_supv\ufrmDisplayPOSTransaction.pas">
            <Form>frmDisplayPOSTransaction</Form>
            <FormType>dfm</FormType>
        </DCCReference>
        <DCCReference Include="..\module\cashier_supv\ufrmPopupDetailTransaction.pas">
            <Form>frmPopupDetailTransaction</Form>
            <FormType>dfm</FormType>
        </DCCReference>
        <DCCReference Include="..\module\cashier_supv\ufrmDisplayPOSMonitor.pas">
            <Form>frmDisplayPOSMonitor</Form>
            <FormType>dfm</FormType>
        </DCCReference>
        <DCCReference Include="..\module\cashier_supv\ufrmPopupDetailCashback.pas">
            <Form>frmPopupDetailCashback</Form>
            <FormType>dfm</FormType>
        </DCCReference>
        <DCCReference Include="..\module\cashier_supv\ufrmDisplayLastTransactionNo.pas">
            <Form>frmDisplayLastTransactionNo</Form>
            <FormType>dfm</FormType>
        </DCCReference>
        <DCCReference Include="..\module\cashier_supv\ufrmDisplayCCAndCashback.pas">
            <Form>frmDisplayCCAndCashback</Form>
            <FormType>dfm</FormType>
        </DCCReference>
        <DCCReference Include="..\module\cashier_supv\ufrmAdjustmentCashback.pas">
            <Form>frmAdjustmentCashback</Form>
            <FormType>dfm</FormType>
        </DCCReference>
        <DCCReference Include="..\module\cashier_supv\ufrmDialogAdjustmentCashback.pas">
            <Form>frmDialogAdjustmentCashback</Form>
            <FormType>dfm</FormType>
        </DCCReference>
        <DCCReference Include="..\module\customer_support\ufrmDialogDataCostumer.pas">
            <Form>frmDialogDataCostumer</Form>
            <FormType>dfm</FormType>
        </DCCReference>
        <DCCReference Include="..\module\customer_support\ufrmDataCostumer.pas">
            <Form>frmDataCostumer</Form>
            <FormType>dfm</FormType>
        </DCCReference>
        <DCCReference Include="..\module\customer_support\ufrmMemberActivation.pas">
            <Form>frmMemberActivation</Form>
            <FormType>dfm</FormType>
        </DCCReference>
        <DCCReference Include="..\module\customer_support\ufrmSearchCardNo.pas">
            <Form>frmDialogSearchCardNo</Form>
            <FormType>dfm</FormType>
        </DCCReference>
        <DCCReference Include="..\module\merchandise\ufrmCetakPO.pas">
            <Form>frmCetakPO</Form>
            <FormType>dfm</FormType>
        </DCCReference>
        <DCCReference Include="..\module\cashier_supv\ufrmSalesReportContrabon.pas">
            <Form>frmSalesReportContrabon</Form>
            <FormType>dfm</FormType>
        </DCCReference>
        <DCCReference Include="..\module\cashier_supv\ufrmShift.pas">
            <Form>frmShift</Form>
            <FormType>dfm</FormType>
        </DCCReference>
        <DCCReference Include="..\module\cashier_supv\ufrmDialogShift.pas">
            <Form>frmDialogShift</Form>
            <FormType>dfm</FormType>
        </DCCReference>
        <DCCReference Include="..\module\cashier_supv\ufrmDailySalesReport.pas">
            <Form>frmDailySalesReport</Form>
            <FormType>dfm</FormType>
        </DCCReference>
        <DCCReference Include="..\module\cashier_supv\ufrmReprintNota.pas">
            <Form>frmReprintNota</Form>
            <FormType>dfm</FormType>
        </DCCReference>
        <DCCReference Include="..\module\po\ufrmPurchaseOrder.pas">
            <Form>frmPurchaseOrder</Form>
            <FormType>dfm</FormType>
        </DCCReference>
        <DCCReference Include="..\module\cashier_supv\ufrmWorksheet.pas">
            <Form>frmWorksheet</Form>
            <FormType>dfm</FormType>
        </DCCReference>
        <DCCReference Include="..\system\ufrmPopupGrid.pas">
            <Form>frmPopupGrid</Form>
            <FormType>dfm</FormType>
        </DCCReference>
        <DCCReference Include="..\module\inventory\ufrmMaintenanceBarcode.pas">
            <Form>frmMaintenanceBarcode</Form>
            <FormType>dfm</FormType>
        </DCCReference>
        <DCCReference Include="..\module\merchandise\ufrmHistoryPO.pas">
            <Form>frmHistoryPO</Form>
            <FormType>dfm</FormType>
        </DCCReference>
        <DCCReference Include="..\module\merchandise\ufrmSupplier.pas">
            <Form>frmSupplier</Form>
            <FormType>dfm</FormType>
        </DCCReference>
        <DCCReference Include="..\module\merchandise\ufrmDialogSupplier.pas">
            <Form>frmDialogSupplier</Form>
            <FormType>dfm</FormType>
        </DCCReference>
        <DCCReference Include="..\module\merchandise\ufrmDayOfPO.pas">
            <Form>frmDayofPO</Form>
            <FormType>dfm</FormType>
        </DCCReference>
        <DCCReference Include="..\module\customer_support\ufrmListMembership.pas">
            <Form>frmListMembership</Form>
            <FormType>dfm</FormType>
        </DCCReference>
        <DCCReference Include="..\module\merchandise\ufrmDialogBarcodeRequest.pas">
            <Form>frmDialogBarcodeRequest</Form>
            <FormType>dfm</FormType>
        </DCCReference>
        <DCCReference Include="..\module\merchandise\ufrmBarcodeRequest.pas">
            <Form>frmBarcodeRequest</Form>
            <FormType>dfm</FormType>
        </DCCReference>
        <DCCReference Include="..\module\po\ufrmListPOCancel.pas">
            <Form>frmListPOCancel</Form>
            <FormType>dfm</FormType>
        </DCCReference>
        <DCCReference Include="..\module\cashier_supv\ufrmListDailyTransaction.pas">
            <Form>frmListDailyTransaction</Form>
            <FormType>dfm</FormType>
        </DCCReference>
        <DCCReference Include="..\module\cashier_supv\ufrmDialogDetilPayment.pas">
            <Form>frmDialogDetilPayment</Form>
            <FormType>dfm</FormType>
        </DCCReference>
        <DCCReference Include="..\module\cashier_supv\ufrmDialogViewDetilTransaksi.pas">
            <Form>frmDialogViewDetilTransaksi</Form>
            <FormType>dfm</FormType>
        </DCCReference>
        <DCCReference Include="..\module\po\ufrmUbahQTYPO.pas">
            <Form>frmUbahQTYPO</Form>
            <FormType>dfm</FormType>
        </DCCReference>
        <DCCReference Include="..\module\inventory\ufrmInvMovementQTY.pas">
            <Form>frmInvMovementQTY</Form>
            <FormType>dfm</FormType>
        </DCCReference>
        <DCCReference Include="..\module\inventory\ufrmLaporanRetur.pas">
            <Form>frmLaporanRetur</Form>
            <FormType>dfm</FormType>
        </DCCReference>
        <DCCReference Include="..\module\customer_support\ufrmDiscountMember.pas">
            <Form>frmDiscountMember</Form>
            <FormType>dfm</FormType>
        </DCCReference>
        <DCCReference Include="..\module\customer_support\ufrmDialogDiscountMember.pas">
            <Form>frmDialogDiscountMember</Form>
            <FormType>dfm</FormType>
        </DCCReference>
        <DCCReference Include="..\module\cashier_supv\ufrmListMemberTransaction.pas">
            <Form>frmListMemberTransaction</Form>
            <FormType>dfm</FormType>
        </DCCReference>
        <DCCReference Include="..\module\inventory\ufrmRafaksi.pas">
            <Form>frmRafaksi</Form>
            <FormType>dfm</FormType>
        </DCCReference>
        <DCCReference Include="..\module\inventory\ufrmDialogRafaksi.pas">
            <Form>frmDialogRafaksi</Form>
            <FormType>dfm</FormType>
        </DCCReference>
        <DCCReference Include="..\module\inventory\ufrmReturTrader.pas">
            <Form>frmReturTrader</Form>
            <FormType>dfm</FormType>
        </DCCReference>
        <DCCReference Include="..\module\inventory\ufrmDialogReturTrader.pas">
            <Form>frmDialogReturTrader</Form>
            <FormType>dfm</FormType>
        </DCCReference>
        <DCCReference Include="..\model\uModRefAgama.pas"/>
        <DCCReference Include="..\module\so\ufrmSO.pas">
            <Form>frmSO</Form>
            <FormType>dfm</FormType>
        </DCCReference>
        <DCCReference Include="..\module\so\ufrmDialogSO.pas">
            <Form>frmDialogSO</Form>
            <FormType>dfm</FormType>
        </DCCReference>
        <DCCReference Include="..\model\uModSO.pas"/>
        <DCCReference Include="..\model\uModSuplier.pas"/>
        <DCCReference Include="..\module\references\ufrmPilihUnit.pas">
            <Form>frmPilihCabang</Form>
            <FormType>dfm</FormType>
        </DCCReference>
        <DCCReference Include="..\module\po\ufrmDialogGeneratePO.pas">
            <Form>frmDialogDetailGeneratePO</Form>
            <FormType>dfm</FormType>
        </DCCReference>
        <DCCReference Include="..\model\uModPO.pas"/>
        <DCCReference Include="..\client\ui\ufrmMouselessMenu.pas">
            <Form>frmMouselesMenu</Form>
            <FormType>dfm</FormType>
        </DCCReference>
        <DCCReference Include="..\system\ufrmCXLookup.pas">
            <Form>frmCXLookup</Form>
            <FormType>dfm</FormType>
        </DCCReference>
        <DCCReference Include="..\model\uModDO.pas"/>
        <DCCReference Include="..\module\inventory\ufrmListingReceivingProduct.pas">
            <Form>frmListingReceivingProduct</Form>
            <FormType>dfm</FormType>
        </DCCReference>
        <DCCReference Include="..\system\ufrmSettingKoneksi.pas">
            <Form>frmMasterDialog1</Form>
            <FormType>dfm</FormType>
        </DCCReference>
        <DCCReference Include="..\module\po\ufrmPORevision.pas">
            <Form>frmPORevision</Form>
            <FormType>dfm</FormType>
        </DCCReference>
        <BuildConfiguration Include="Release">
            <Key>Cfg_2</Key>
            <CfgParent>Base</CfgParent>
        </BuildConfiguration>
        <BuildConfiguration Include="Base">
            <Key>Base</Key>
        </BuildConfiguration>
        <BuildConfiguration Include="Debug">
            <Key>Cfg_1</Key>
            <CfgParent>Base</CfgParent>
        </BuildConfiguration>
    </ItemGroup>
    <ProjectExtensions>
        <Borland.Personality>Delphi.Personality.12</Borland.Personality>
        <Borland.ProjectType>Application</Borland.ProjectType>
        <BorlandProject>
            <Delphi.Personality>
                <Source>
                    <Source Name="MainSource">store.dpr</Source>
                </Source>
                <Excluded_Packages>
                    <Excluded_Packages Name="$(BDSBIN)\dcloffice2k230.bpl">Microsoft Office 2000 Sample Automation Server Wrapper Components</Excluded_Packages>
                    <Excluded_Packages Name="$(BDSBIN)\dclofficexp230.bpl">Microsoft Office XP Sample Automation Server Wrapper Components</Excluded_Packages>
                </Excluded_Packages>
            </Delphi.Personality>
            <Deployment Version="2">
                <DeployFile LocalName="..\lib\HPHELP.PAS" Configuration="Release" Class="ProjectFile">
                    <Platform Name="Win32">
                        <RemoteDir>.\</RemoteDir>
                        <Overwrite>true</Overwrite>
                    </Platform>
                </DeployFile>
                <DeployFile LocalName="..\..\build\Retno\bin\store.exe" Configuration="Release" Class="ProjectOutput">
                    <Platform Name="Win32">
                        <RemoteName>store.exe</RemoteName>
                        <Overwrite>true</Overwrite>
                    </Platform>
                </DeployFile>
                <DeployFile LocalName="..\lib\HPHELP.PAS" Configuration="Debug" Class="ProjectFile">
                    <Platform Name="Win32">
                        <RemoteDir>.\</RemoteDir>
                        <Overwrite>true</Overwrite>
                    </Platform>
                </DeployFile>
                <DeployFile LocalName="..\bin\store.exe" Configuration="Debug" Class="ProjectOutput">
                    <Platform Name="Win32">
                        <RemoteName>store.exe</RemoteName>
                        <Overwrite>true</Overwrite>
                    </Platform>
                </DeployFile>
                <DeployClass Name="ProjectiOSDeviceResourceRules">
                    <Platform Name="iOSDevice64">
                        <Operation>1</Operation>
                    </Platform>
                    <Platform Name="iOSDevice32">
                        <Operation>1</Operation>
                    </Platform>
                </DeployClass>
                <DeployClass Name="ProjectOSXResource">
                    <Platform Name="OSX32">
                        <RemoteDir>Contents\Resources</RemoteDir>
                        <Operation>1</Operation>
                    </Platform>
                </DeployClass>
                <DeployClass Name="AndroidClassesDexFile">
                    <Platform Name="Android">
                        <RemoteDir>classes</RemoteDir>
                        <Operation>1</Operation>
                    </Platform>
                </DeployClass>
                <DeployClass Name="AdditionalDebugSymbols">
                    <Platform Name="Win32">
                        <RemoteDir>Contents\MacOS</RemoteDir>
                        <Operation>0</Operation>
                    </Platform>
                    <Platform Name="iOSSimulator">
                        <Operation>1</Operation>
                    </Platform>
                    <Platform Name="OSX32">
                        <RemoteDir>Contents\MacOS</RemoteDir>
                        <Operation>1</Operation>
                    </Platform>
                </DeployClass>
                <DeployClass Name="iPad_Launch768">
                    <Platform Name="iOSSimulator">
                        <Operation>1</Operation>
                    </Platform>
                    <Platform Name="iOSDevice64">
                        <Operation>1</Operation>
                    </Platform>
                    <Platform Name="iOSDevice32">
                        <Operation>1</Operation>
                    </Platform>
                </DeployClass>
                <DeployClass Name="Android_LauncherIcon144">
                    <Platform Name="Android">
                        <RemoteDir>res\drawable-xxhdpi</RemoteDir>
                        <Operation>1</Operation>
                    </Platform>
                </DeployClass>
                <DeployClass Name="AndroidLibnativeMipsFile">
                    <Platform Name="Android">
                        <RemoteDir>library\lib\mips</RemoteDir>
                        <Operation>1</Operation>
                    </Platform>
                </DeployClass>
                <DeployClass Required="true" Name="ProjectOutput">
                    <Platform Name="Win32">
                        <Operation>0</Operation>
                    </Platform>
                    <Platform Name="iOSDevice64">
                        <Operation>1</Operation>
                    </Platform>
                    <Platform Name="OSX32">
                        <RemoteDir>Contents\MacOS</RemoteDir>
                        <Operation>1</Operation>
                    </Platform>
                    <Platform Name="iOSDevice32">
                        <Operation>1</Operation>
                    </Platform>
                    <Platform Name="Android">
                        <RemoteDir>library\lib\armeabi-v7a</RemoteDir>
                        <Operation>1</Operation>
                    </Platform>
                    <Platform Name="iOSSimulator">
                        <Operation>1</Operation>
                    </Platform>
                </DeployClass>
                <DeployClass Name="DependencyFramework">
                    <Platform Name="Win32">
                        <Operation>0</Operation>
                    </Platform>
                    <Platform Name="OSX32">
                        <RemoteDir>Contents\MacOS</RemoteDir>
                        <Operation>1</Operation>
                        <Extensions>.framework</Extensions>
                    </Platform>
                </DeployClass>
                <DeployClass Name="iPhone_Launch640">
                    <Platform Name="iOSSimulator">
                        <Operation>1</Operation>
                    </Platform>
                    <Platform Name="iOSDevice64">
                        <Operation>1</Operation>
                    </Platform>
                    <Platform Name="iOSDevice32">
                        <Operation>1</Operation>
                    </Platform>
                </DeployClass>
                <DeployClass Name="iPad_Launch1024">
                    <Platform Name="iOSSimulator">
                        <Operation>1</Operation>
                    </Platform>
                    <Platform Name="iOSDevice64">
                        <Operation>1</Operation>
                    </Platform>
                    <Platform Name="iOSDevice32">
                        <Operation>1</Operation>
                    </Platform>
                </DeployClass>
                <DeployClass Name="ProjectiOSDeviceDebug">
                    <Platform Name="iOSDevice64">
                        <RemoteDir>..\$(PROJECTNAME).app.dSYM\Contents\Resources\DWARF</RemoteDir>
                        <Operation>1</Operation>
                    </Platform>
                    <Platform Name="iOSDevice32">
                        <RemoteDir>..\$(PROJECTNAME).app.dSYM\Contents\Resources\DWARF</RemoteDir>
                        <Operation>1</Operation>
                    </Platform>
                </DeployClass>
                <DeployClass Name="AndroidLibnativeX86File">
                    <Platform Name="Android">
                        <RemoteDir>library\lib\x86</RemoteDir>
                        <Operation>1</Operation>
                    </Platform>
                </DeployClass>
                <DeployClass Name="iPhone_Launch320">
                    <Platform Name="iOSSimulator">
                        <Operation>1</Operation>
                    </Platform>
                    <Platform Name="iOSDevice64">
                        <Operation>1</Operation>
                    </Platform>
                    <Platform Name="iOSDevice32">
                        <Operation>1</Operation>
                    </Platform>
                </DeployClass>
                <DeployClass Name="ProjectiOSInfoPList">
                    <Platform Name="iOSSimulator">
                        <Operation>1</Operation>
                    </Platform>
                    <Platform Name="iOSDevice64">
                        <Operation>1</Operation>
                    </Platform>
                    <Platform Name="iOSDevice32">
                        <Operation>1</Operation>
                    </Platform>
                </DeployClass>
                <DeployClass Name="AndroidLibnativeArmeabiFile">
                    <Platform Name="Android">
                        <RemoteDir>library\lib\armeabi</RemoteDir>
                        <Operation>1</Operation>
                    </Platform>
                </DeployClass>
                <DeployClass Name="DebugSymbols">
                    <Platform Name="Win32">
                        <Operation>0</Operation>
                    </Platform>
                    <Platform Name="iOSSimulator">
                        <Operation>1</Operation>
                    </Platform>
                    <Platform Name="OSX32">
                        <RemoteDir>Contents\MacOS</RemoteDir>
                        <Operation>1</Operation>
                    </Platform>
                </DeployClass>
                <DeployClass Name="iPad_Launch1536">
                    <Platform Name="iOSSimulator">
                        <Operation>1</Operation>
                    </Platform>
                    <Platform Name="iOSDevice64">
                        <Operation>1</Operation>
                    </Platform>
                    <Platform Name="iOSDevice32">
                        <Operation>1</Operation>
                    </Platform>
                </DeployClass>
                <DeployClass Name="Android_SplashImage470">
                    <Platform Name="Android">
                        <RemoteDir>res\drawable-normal</RemoteDir>
                        <Operation>1</Operation>
                    </Platform>
                </DeployClass>
                <DeployClass Name="Android_LauncherIcon96">
                    <Platform Name="Android">
                        <RemoteDir>res\drawable-xhdpi</RemoteDir>
                        <Operation>1</Operation>
                    </Platform>
                </DeployClass>
                <DeployClass Name="Android_SplashImage640">
                    <Platform Name="Android">
                        <RemoteDir>res\drawable-large</RemoteDir>
                        <Operation>1</Operation>
                    </Platform>
                </DeployClass>
                <DeployClass Name="iPhone_Launch640x1136">
                    <Platform Name="iOSSimulator">
                        <Operation>1</Operation>
                    </Platform>
                    <Platform Name="iOSDevice64">
                        <Operation>1</Operation>
                    </Platform>
                    <Platform Name="iOSDevice32">
                        <Operation>1</Operation>
                    </Platform>
                </DeployClass>
                <DeployClass Name="ProjectiOSEntitlements">
                    <Platform Name="iOSDevice64">
                        <RemoteDir>../</RemoteDir>
                        <Operation>1</Operation>
                    </Platform>
                    <Platform Name="iOSDevice32">
                        <RemoteDir>../</RemoteDir>
                        <Operation>1</Operation>
                    </Platform>
                </DeployClass>
                <DeployClass Name="Android_LauncherIcon72">
                    <Platform Name="Android">
                        <RemoteDir>res\drawable-hdpi</RemoteDir>
                        <Operation>1</Operation>
                    </Platform>
                </DeployClass>
                <DeployClass Name="AndroidGDBServer">
                    <Platform Name="Android">
                        <RemoteDir>library\lib\armeabi-v7a</RemoteDir>
                        <Operation>1</Operation>
                    </Platform>
                </DeployClass>
                <DeployClass Name="ProjectOSXInfoPList">
                    <Platform Name="OSX32">
                        <RemoteDir>Contents</RemoteDir>
                        <Operation>1</Operation>
                    </Platform>
                </DeployClass>
                <DeployClass Name="ProjectOSXEntitlements">
                    <Platform Name="OSX32">
                        <RemoteDir>../</RemoteDir>
                        <Operation>1</Operation>
                    </Platform>
                </DeployClass>
                <DeployClass Name="iPad_Launch2048">
                    <Platform Name="iOSSimulator">
                        <Operation>1</Operation>
                    </Platform>
                    <Platform Name="iOSDevice64">
                        <Operation>1</Operation>
                    </Platform>
                    <Platform Name="iOSDevice32">
                        <Operation>1</Operation>
                    </Platform>
                </DeployClass>
                <DeployClass Name="AndroidSplashStyles">
                    <Platform Name="Android">
                        <RemoteDir>res\values</RemoteDir>
                        <Operation>1</Operation>
                    </Platform>
                </DeployClass>
                <DeployClass Name="Android_SplashImage426">
                    <Platform Name="Android">
                        <RemoteDir>res\drawable-small</RemoteDir>
                        <Operation>1</Operation>
                    </Platform>
                </DeployClass>
                <DeployClass Name="AndroidSplashImageDef">
                    <Platform Name="Android">
                        <RemoteDir>res\drawable</RemoteDir>
                        <Operation>1</Operation>
                    </Platform>
                </DeployClass>
                <DeployClass Name="ProjectiOSResource">
                    <Platform Name="iOSSimulator">
                        <Operation>1</Operation>
                    </Platform>
                    <Platform Name="iOSDevice64">
                        <Operation>1</Operation>
                    </Platform>
                    <Platform Name="iOSDevice32">
                        <Operation>1</Operation>
                    </Platform>
                </DeployClass>
                <DeployClass Name="ProjectAndroidManifest">
                    <Platform Name="Android">
                        <Operation>1</Operation>
                    </Platform>
                </DeployClass>
                <DeployClass Name="Android_DefaultAppIcon">
                    <Platform Name="Android">
                        <RemoteDir>res\drawable</RemoteDir>
                        <Operation>1</Operation>
                    </Platform>
                </DeployClass>
                <DeployClass Name="File">
                    <Platform Name="Win32">
                        <Operation>0</Operation>
                    </Platform>
                    <Platform Name="iOSDevice64">
                        <Operation>0</Operation>
                    </Platform>
                    <Platform Name="OSX32">
                        <RemoteDir>Contents\Resources\StartUp\</RemoteDir>
                        <Operation>0</Operation>
                    </Platform>
                    <Platform Name="iOSDevice32">
                        <Operation>0</Operation>
                    </Platform>
                    <Platform Name="Android">
                        <Operation>0</Operation>
                    </Platform>
                    <Platform Name="iOSSimulator">
                        <Operation>0</Operation>
                    </Platform>
                </DeployClass>
                <DeployClass Name="AndroidServiceOutput">
                    <Platform Name="Android">
                        <RemoteDir>library\lib\armeabi-v7a</RemoteDir>
                        <Operation>1</Operation>
                    </Platform>
                </DeployClass>
                <DeployClass Required="true" Name="DependencyPackage">
                    <Platform Name="Win32">
                        <Operation>0</Operation>
                        <Extensions>.bpl</Extensions>
                    </Platform>
                    <Platform Name="iOSDevice64">
                        <Operation>1</Operation>
                        <Extensions>.dylib</Extensions>
                    </Platform>
                    <Platform Name="OSX32">
                        <RemoteDir>Contents\MacOS</RemoteDir>
                        <Operation>1</Operation>
                        <Extensions>.dylib</Extensions>
                    </Platform>
                    <Platform Name="iOSDevice32">
                        <Operation>1</Operation>
                        <Extensions>.dylib</Extensions>
                    </Platform>
                    <Platform Name="iOSSimulator">
                        <Operation>1</Operation>
                        <Extensions>.dylib</Extensions>
                    </Platform>
                </DeployClass>
                <DeployClass Name="Android_LauncherIcon48">
                    <Platform Name="Android">
                        <RemoteDir>res\drawable-mdpi</RemoteDir>
                        <Operation>1</Operation>
                    </Platform>
                </DeployClass>
                <DeployClass Name="Android_SplashImage960">
                    <Platform Name="Android">
                        <RemoteDir>res\drawable-xlarge</RemoteDir>
                        <Operation>1</Operation>
                    </Platform>
                </DeployClass>
                <DeployClass Name="Android_LauncherIcon36">
                    <Platform Name="Android">
                        <RemoteDir>res\drawable-ldpi</RemoteDir>
                        <Operation>1</Operation>
                    </Platform>
                </DeployClass>
                <DeployClass Name="DependencyModule">
                    <Platform Name="Win32">
                        <Operation>0</Operation>
                        <Extensions>.dll;.bpl</Extensions>
                    </Platform>
                    <Platform Name="iOSDevice64">
                        <Operation>1</Operation>
                        <Extensions>.dylib</Extensions>
                    </Platform>
                    <Platform Name="OSX32">
                        <RemoteDir>Contents\MacOS</RemoteDir>
                        <Operation>1</Operation>
                        <Extensions>.dylib</Extensions>
                    </Platform>
                    <Platform Name="iOSDevice32">
                        <Operation>1</Operation>
                        <Extensions>.dylib</Extensions>
                    </Platform>
                    <Platform Name="iOSSimulator">
                        <Operation>1</Operation>
                        <Extensions>.dylib</Extensions>
                    </Platform>
                </DeployClass>
                <ProjectRoot Platform="iOSDevice64" Name="$(PROJECTNAME).app"/>
                <ProjectRoot Platform="Win64" Name="$(PROJECTNAME)"/>
                <ProjectRoot Platform="iOSDevice32" Name="$(PROJECTNAME).app"/>
                <ProjectRoot Platform="Win32" Name="$(PROJECTNAME)"/>
                <ProjectRoot Platform="OSX32" Name="$(PROJECTNAME).app"/>
                <ProjectRoot Platform="Android" Name="$(PROJECTNAME)"/>
                <ProjectRoot Platform="iOSSimulator" Name="$(PROJECTNAME).app"/>
            </Deployment>
            <Platforms>
                <Platform value="Win32">True</Platform>
            </Platforms>
        </BorlandProject>
        <ProjectFileVersion>12</ProjectFileVersion>
    </ProjectExtensions>
    <Import Project="$(BDS)\Bin\CodeGear.Delphi.Targets" Condition="Exists('$(BDS)\Bin\CodeGear.Delphi.Targets')"/>
    <Import Project="$(APPDATA)\Embarcadero\$(BDSAPPDATABASEDIR)\$(PRODUCTVERSION)\UserTools.proj" Condition="Exists('$(APPDATA)\Embarcadero\$(BDSAPPDATABASEDIR)\$(PRODUCTVERSION)\UserTools.proj')"/>
    <Import Project="$(MSBuildProjectName).deployproj" Condition="Exists('$(MSBuildProjectName).deployproj')"/>
</Project>
