<Project xmlns="http://schemas.microsoft.com/developer/msbuild/2003">
    <PropertyGroup>
        <ProjectGuid>{A129B2AD-FBEC-4746-A4D0-AE2BB4DF269A}</ProjectGuid>
        <MainSource>ho.dpr</MainSource>
        <Base>True</Base>
        <Config Condition="'$(Config)'==''">Debug</Config>
        <TargetedPlatforms>1</TargetedPlatforms>
        <AppType>Application</AppType>
        <FrameworkType>VCL</FrameworkType>
        <ProjectVersion>18.1</ProjectVersion>
        <Platform Condition="'$(Platform)'==''">Win32</Platform>
    </PropertyGroup>
    <PropertyGroup Condition="'$(Config)'=='Base' or '$(Base)'!=''">
        <Base>true</Base>
    </PropertyGroup>
    <PropertyGroup Condition="('$(Platform)'=='Win32' and '$(Base)'=='true') or '$(Base_Win32)'!=''">
        <Base_Win32>true</Base_Win32>
        <CfgParent>Base</CfgParent>
        <Base>true</Base>
    </PropertyGroup>
    <PropertyGroup Condition="'$(Config)'=='Release' or '$(Cfg_1)'!=''">
        <Cfg_1>true</Cfg_1>
        <CfgParent>Base</CfgParent>
        <Base>true</Base>
    </PropertyGroup>
    <PropertyGroup Condition="('$(Platform)'=='Win32' and '$(Cfg_1)'=='true') or '$(Cfg_1_Win32)'!=''">
        <Cfg_1_Win32>true</Cfg_1_Win32>
        <CfgParent>Cfg_1</CfgParent>
        <Cfg_1>true</Cfg_1>
        <Base>true</Base>
    </PropertyGroup>
    <PropertyGroup Condition="'$(Config)'=='Debug' or '$(Cfg_2)'!=''">
        <Cfg_2>true</Cfg_2>
        <CfgParent>Base</CfgParent>
        <Base>true</Base>
    </PropertyGroup>
    <PropertyGroup Condition="('$(Platform)'=='Win32' and '$(Cfg_2)'=='true') or '$(Cfg_2_Win32)'!=''">
        <Cfg_2_Win32>true</Cfg_2_Win32>
        <CfgParent>Cfg_2</CfgParent>
        <Cfg_2>true</Cfg_2>
        <Base>true</Base>
    </PropertyGroup>
    <PropertyGroup Condition="'$(Base)'!=''">
        <DCC_E>false</DCC_E>
        <DCC_S>false</DCC_S>
        <SanitizedProjectName>ho</SanitizedProjectName>
        <DCC_K>false</DCC_K>
        <VerInfo_Locale>1033</VerInfo_Locale>
        <DCC_ImageBase>00400000</DCC_ImageBase>
        <DCC_Namespace>Vcl;Vcl.Imaging;Vcl.Touch;Vcl.Samples;Vcl.Shell;System;Xml;Data;Datasnap;Web;Soap;Winapi;Data.Win;$(DCC_Namespace)</DCC_Namespace>
        <DCC_F>false</DCC_F>
        <DCC_N>false</DCC_N>
        <VerInfo_Keys>CompanyName=;FileDescription=;FileVersion=1.0.0.0;InternalName=;LegalCopyright=;LegalTrademarks=;OriginalFilename=;ProductName=;ProductVersion=1.0.0.0;Comments=;CFBundleName=</VerInfo_Keys>
    </PropertyGroup>
    <PropertyGroup Condition="'$(Base_Win32)'!=''">
        <Manifest_File>$(BDS)\bin\default_app.manifest</Manifest_File>
        <VerInfo_Locale>1033</VerInfo_Locale>
        <VerInfo_IncludeVerInfo>true</VerInfo_IncludeVerInfo>
        <Icon_MainIcon>ho_Icon.ico</Icon_MainIcon>
        <DCC_Namespace>System.Win;Datasnap.Win;Web.Win;Soap.Win;Xml.Win;Bde;$(DCC_Namespace)</DCC_Namespace>
        <VerInfo_Keys>CompanyName=;FileDescription=;FileVersion=1.0.0.0;InternalName=;LegalCopyright=;LegalTrademarks=;OriginalFilename=;ProductName=;ProductVersion=1.0.0.0;Comments=</VerInfo_Keys>
        <AppEnableRuntimeThemes>true</AppEnableRuntimeThemes>
    </PropertyGroup>
    <PropertyGroup Condition="'$(Cfg_1)'!=''">
        <DCC_LocalDebugSymbols>false</DCC_LocalDebugSymbols>
        <DCC_SymbolReferenceInfo>0</DCC_SymbolReferenceInfo>
        <DCC_Define>RELEASE;$(DCC_Define)</DCC_Define>
        <DCC_DebugInformation>0</DCC_DebugInformation>
    </PropertyGroup>
    <PropertyGroup Condition="'$(Cfg_1_Win32)'!=''">
        <DCC_ExeOutput>D:\SharedProjects\Projects\build\Retno\bin\</DCC_ExeOutput>
        <VerInfo_Keys>CompanyName=;FileDescription=;FileVersion=1.0.0.0;InternalName=;LegalCopyright=;LegalTrademarks=;OriginalFilename=;ProductName=;ProductVersion=1.0.0.0;Comments=</VerInfo_Keys>
        <VerInfo_IncludeVerInfo>true</VerInfo_IncludeVerInfo>
        <AppEnableHighDPI>true</AppEnableHighDPI>
        <AppEnableRuntimeThemes>true</AppEnableRuntimeThemes>
    </PropertyGroup>
    <PropertyGroup Condition="'$(Cfg_2)'!=''">
        <DCC_GenerateStackFrames>true</DCC_GenerateStackFrames>
        <DCC_Optimize>false</DCC_Optimize>
        <DCC_Define>DEBUG;$(DCC_Define)</DCC_Define>
    </PropertyGroup>
    <PropertyGroup Condition="'$(Cfg_2_Win32)'!=''">
        <DCC_Hints>false</DCC_Hints>
        <DCC_ExeOutput>D:\SharedProjects\Projects\build\Retno\bin\</DCC_ExeOutput>
        <VerInfo_IncludeVerInfo>true</VerInfo_IncludeVerInfo>
        <AppEnableHighDPI>true</AppEnableHighDPI>
        <AppEnableRuntimeThemes>true</AppEnableRuntimeThemes>
        <VerInfo_Keys>CompanyName=;FileDescription=;FileVersion=1.0.0.0;InternalName=;LegalCopyright=;LegalTrademarks=;OriginalFilename=;ProductName=;ProductVersion=1.0.0.0;Comments=</VerInfo_Keys>
    </PropertyGroup>
    <ItemGroup>
        <DelphiCompile Include="$(MainSource)">
            <MainSource>MainSource</MainSource>
        </DelphiCompile>
        <DCCReference Include="ui\ufrmMain.pas">
            <Form>frmMain</Form>
        </DCCReference>
        <DCCReference Include="..\module\login\ufrmLogin.pas">
            <Form>frmLogin</Form>
        </DCCReference>
        <DCCReference Include="unit\uConstanta.pas"/>
        <DCCReference Include="..\system\ufraFooter1Button.pas">
            <Form>fraFooter1Button</Form>
            <DesignClass>TFrame</DesignClass>
        </DCCReference>
        <DCCReference Include="..\system\ufraFooter5Button.pas">
            <Form>fraFooter5Button</Form>
            <DesignClass>TFrame</DesignClass>
        </DCCReference>
        <DCCReference Include="..\system\ufraLoading.pas">
            <Form>fraLoading</Form>
            <DesignClass>TFrame</DesignClass>
        </DCCReference>
        <DCCReference Include="..\system\ufraProgressBar.pas">
            <Form>fraProgressBar</Form>
            <DesignClass>TFrame</DesignClass>
        </DCCReference>
        <DCCReference Include="ui\ufrmSplash.pas">
            <Form>frmSplash</Form>
        </DCCReference>
        <DCCReference Include="..\system\ufraFooterDialog2Button.pas">
            <Form>fraFooterDialog2Button</Form>
            <DesignClass>TFrame</DesignClass>
        </DCCReference>
        <DCCReference Include="..\system\ufrmMasterDialog.pas">
            <Form>frmMasterDialog</Form>
        </DCCReference>
        <DCCReference Include="..\system\ufrmMaster.pas">
            <Form>frmMaster</Form>
        </DCCReference>
        <DCCReference Include="ui\udmMain.pas">
            <Form>dmMain</Form>
            <DesignClass>TDataModule</DesignClass>
        </DCCReference>
        <DCCReference Include="ui\ufrmAbout.pas">
            <Form>frmAbout</Form>
        </DCCReference>
        <DCCReference Include="..\system\uMenuManagement.pas"/>
        <DCCReference Include="..\system\uFormProperty.pas"/>
        <DCCReference Include="..\system\uGlobalProperty.pas"/>
        <DCCReference Include="..\system\uRetnoUnit.pas"/>
        <DCCReference Include="..\module\references\ufrmPajak.pas">
            <Form>frmPajak</Form>
        </DCCReference>
        <DCCReference Include="..\module\references\ufrmDialogPajak.pas">
            <Form>frmDialogPajak</Form>
        </DCCReference>
        <DCCReference Include="..\system\uTSCommonDlg.pas"/>
        <DCCReference Include="..\classes\uCompany.pas"/>
        <DCCReference Include="..\classes\uTSBaseClass.pas"/>
        <DCCReference Include="..\classes\uUnit.pas"/>
        <DCCReference Include="..\module\references\ufrmBank.pas">
            <Form>frmBank</Form>
        </DCCReference>
        <DCCReference Include="..\module\references\ufrmDialogBank.pas">
            <Form>frmDialogBank</Form>
        </DCCReference>
        <DCCReference Include="..\module\references\ufrmDialogHariLibur.pas">
            <Form>frmDialogHariLibur</Form>
        </DCCReference>
        <DCCReference Include="..\module\references\ufrmHariLibur.pas">
            <Form>frmHariLibur</Form>
        </DCCReference>
        <DCCReference Include="..\module\references\ufrmDialogLokasi.pas">
            <Form>frmDialogLokasi</Form>
        </DCCReference>
        <DCCReference Include="..\module\references\ufrmLokasi.pas">
            <Form>frmLokasi</Form>
        </DCCReference>
        <DCCReference Include="..\module\references\ufrmSatuan.pas">
            <Form>frmSatuan</Form>
        </DCCReference>
        <DCCReference Include="..\module\references\ufrmDialogSatuan.pas">
            <Form>frmDialogSatuan</Form>
        </DCCReference>
        <DCCReference Include="..\module\references\ufrmDialogSysParm.pas">
            <Form>frmDialogSysParm</Form>
        </DCCReference>
        <DCCReference Include="..\module\references\ufrmDialogSysParmCompTemp.pas">
            <Form>frmDialogSysParmCompTemp</Form>
        </DCCReference>
        <DCCReference Include="..\module\references\ufrmSysParm.pas">
            <Form>frmSysParm</Form>
        </DCCReference>
        <DCCReference Include="..\module\references\ufrmSysParmCompTemp1.pas">
            <Form>frmSysParmCompTemp1</Form>
        </DCCReference>
        <DCCReference Include="..\module\references\ufrmTipePerusahaan.pas">
            <Form>frmTipePerusahaan</Form>
        </DCCReference>
        <DCCReference Include="..\module\references\ufrmDialogTipePerusahaan.pas">
            <Form>frmDialogTipePerusahaan</Form>
        </DCCReference>
        <DCCReference Include="..\module\references\ufrmDialogTipePembayaran.pas">
            <Form>frmDialogTipePembayaran</Form>
        </DCCReference>
        <DCCReference Include="..\module\references\ufrmTipePembayaran.pas">
            <Form>frmTipePembayaran</Form>
        </DCCReference>
        <DCCReference Include="..\module\references\ufrmTipePengirimanPO.pas">
            <Form>frmTipePengirimanPO</Form>
        </DCCReference>
        <DCCReference Include="..\module\references\ufrmDialogTipePengirimanPO.pas">
            <Form>frmDialogTipePengirimanPO</Form>
        </DCCReference>
        <DCCReference Include="..\module\references\ufrmDialogProductType.pas">
            <Form>frmDialogProductType</Form>
        </DCCReference>
        <DCCReference Include="..\module\references\ufrmDialogSupplierType.pas">
            <Form>frmDialogSupplierType</Form>
        </DCCReference>
        <DCCReference Include="..\module\references\ufrmProductType.pas">
            <Form>frmProductType</Form>
        </DCCReference>
        <DCCReference Include="..\module\references\ufrmSupplierType.pas">
            <Form>frmSupplierType</Form>
        </DCCReference>
        <DCCReference Include="..\module\references\ufrmSearchRekening.pas">
            <Form>frmDialogSearchRekening</Form>
        </DCCReference>
        <DCCReference Include="..\system\uDMClient.pas">
            <Form>DMClient</Form>
            <DesignClass>TDataModule</DesignClass>
        </DCCReference>
        <DCCReference Include="ui\ufrmTest.pas">
            <Form>frmTest</Form>
        </DCCReference>
        <DCCReference Include="..\module\accounting\ufrmDialogRekening.pas">
            <Form>frmDialogRekening</Form>
        </DCCReference>
        <DCCReference Include="..\module\accounting\ufrmRekening.pas">
            <Form>frmRekening</Form>
        </DCCReference>
        <DCCReference Include="..\module\management user\ufrmUser.pas">
            <Form>frmUser</Form>
        </DCCReference>
        <DCCReference Include="..\module\management user\ufrmUserGroup.pas">
            <Form>frmUserGroup</Form>
        </DCCReference>
        <DCCReference Include="..\module\management user\ufrmDialogUser.pas">
            <Form>frmDialogUser</Form>
        </DCCReference>
        <DCCReference Include="..\module\management user\ufrmDialogUserGroup.pas">
            <Form>frmDialogUserGroup</Form>
        </DCCReference>
        <DCCReference Include="..\module\management user\ufrmAddNewMenu.pas">
            <Form>frmAddNewMenu</Form>
        </DCCReference>
        <DCCReference Include="..\module\management user\ufrmDialogMenu.pas">
            <Form>frmDialogMenu</Form>
        </DCCReference>
        <DCCReference Include="..\module\management user\ufrmModule.pas">
            <Form>frmModule</Form>
        </DCCReference>
        <DCCReference Include="..\module\management user\ufrmDialogModule.pas">
            <Form>frmDialogModule</Form>
        </DCCReference>
        <DCCReference Include="..\module\management user\ufrmDialogAddNewMenu.pas">
            <Form>frmDialogAddNewMenu</Form>
        </DCCReference>
        <DCCReference Include="..\module\references\ufrmMasterCustomer.pas">
            <Form>frmMasterCustomer</Form>
        </DCCReference>
        <DCCReference Include="..\module\references\ufrmDialogMasterCustomer.pas">
            <Form>frmDialogMasterCustomer</Form>
        </DCCReference>
        <DCCReference Include="..\module\product\ufraAlokasiStock.pas">
            <Form>fraAlokasiStock</Form>
            <DesignClass>TFrame</DesignClass>
        </DCCReference>
        <DCCReference Include="..\module\product\ufraBonusProduct.pas">
            <Form>fraBonusProduct</Form>
            <DesignClass>TFrame</DesignClass>
        </DCCReference>
        <DCCReference Include="..\module\product\ufraProductSupplier.pas">
            <Form>fraProductSupplier</Form>
            <DesignClass>TFrame</DesignClass>
        </DCCReference>
        <DCCReference Include="..\module\product\ufraProductTurunan.pas">
            <Form>fraProductTurunan</Form>
            <DesignClass>TFrame</DesignClass>
        </DCCReference>
        <DCCReference Include="..\module\product\ufraSellingPrice.pas">
            <Form>fraSellingPrice</Form>
            <DesignClass>TFrame</DesignClass>
        </DCCReference>
        <DCCReference Include="..\module\product\ufraStockCard.pas">
            <Form>fraStockCard</Form>
            <DesignClass>TFrame</DesignClass>
        </DCCReference>
        <DCCReference Include="..\module\product\ufraUOMConvertion.pas">
            <Form>fraUOMConvertion</Form>
            <DesignClass>TFrame</DesignClass>
        </DCCReference>
        <DCCReference Include="..\module\product\ufrmDialogProdSupplier.pas">
            <Form>frmDialogProdSupplier</Form>
        </DCCReference>
        <DCCReference Include="..\module\product\ufrmDialogProduct.pas">
            <Form>frmDialogProduct</Form>
        </DCCReference>
        <DCCReference Include="..\module\product\ufrmProduct.pas">
            <Form>frmProduct</Form>
        </DCCReference>
        <DCCReference Include="..\classes\uSpecialKey.pas"/>
        <DCCReference Include="..\module\product\ufrmSearchProduct.pas">
            <Form>frmDialogSearchProduct</Form>
        </DCCReference>
        <DCCReference Include="..\module\merchandise\ufrmSearchSupplier.pas">
            <Form>frmDialogSearchSupplier</Form>
        </DCCReference>
        <DCCReference Include="..\lib\uAppUtils.pas"/>
        <DCCReference Include="..\lib\uConn.pas"/>
        <DCCReference Include="..\lib\uDBUtils.pas"/>
        <DCCReference Include="..\lib\uDSUtils.pas"/>
        <DCCReference Include="..\lib\uDXUtils.pas"/>
        <DCCReference Include="..\lib\uNetUtils.pas"/>
        <DCCReference Include="..\lib\uTSINIFile.pas"/>
        <DCCReference Include="..\module\merchandise\ufraHistoriPOByProduct.pas">
            <Form>fraHistoriPOByProduct</Form>
            <DesignClass>TFrame</DesignClass>
        </DCCReference>
        <DCCReference Include="..\system\ufrmMasterBrowse.pas">
            <Form>frmMasterBrowse</Form>
        </DCCReference>
        <DCCReference Include="..\system\ufraFooter4Button.pas">
            <Form>fraFooter4Button</Form>
            <DesignClass>TFrame</DesignClass>
        </DCCReference>
        <DCCReference Include="..\model\uModAccount.pas"/>
        <DCCReference Include="..\model\uModApp.pas"/>
        <DCCReference Include="..\model\uModAuthApp.pas"/>
        <DCCReference Include="..\model\uModBank.pas"/>
        <DCCReference Include="..\model\uModCompany.pas"/>
        <DCCReference Include="..\model\uModOutlet.pas"/>
        <DCCReference Include="..\model\uModRefPajak.pas"/>
        <DCCReference Include="..\model\uModRekening.pas"/>
        <DCCReference Include="..\model\uModTest.pas"/>
        <DCCReference Include="..\model\uModTipeKupon.pas"/>
        <DCCReference Include="..\model\uModTipePembeli.pas"/>
        <DCCReference Include="..\system\ufraFooterDialog3Button.pas">
            <Form>fraFooterDialog3Button</Form>
            <DesignClass>TFrame</DesignClass>
        </DCCReference>
        <DCCReference Include="..\module\references\ufrmProductTypeNBD.pas">
            <Form>frmProductTypeNBD</Form>
        </DCCReference>
        <DCCReference Include="..\module\references\ufrmDialogProductTypeNBD.pas">
            <Form>frmDialogProductTypeNBD</Form>
        </DCCReference>
        <DCCReference Include="..\module\references\ufrmMasterProductNBD.pas">
            <Form>frmMasterProductNBD</Form>
        </DCCReference>
        <DCCReference Include="..\module\references\ufrmDialogMasterProductNBD.pas">
            <Form>frmDialogMasterProductNBD</Form>
        </DCCReference>
        <DCCReference Include="..\module\references\ufrmDialogSatuan_NBD.pas">
            <Form>frmDialogSatuan_NBD</Form>
        </DCCReference>
        <DCCReference Include="..\module\references\ufrmSatuan_NBD.pas">
            <Form>frmSatuan_NBD</Form>
        </DCCReference>
        <DCCReference Include="..\model\uModTipePerusahaan.pas"/>
        <DCCReference Include="..\model\uModSatuan.pas"/>
        <DCCReference Include="..\model\uModTipePembayaran.pas"/>
        <DCCReference Include="..\model\uModCostCenter.pas"/>
        <DCCReference Include="..\module\references\ufrmCostCenter.pas">
            <Form>frmCostCenter</Form>
        </DCCReference>
        <DCCReference Include="..\module\references\ufrmDialogCostCenter.pas">
            <Form>frmDialogCostCenter</Form>
        </DCCReference>
        <DCCReference Include="..\system\uInterface.pas"/>
        <DCCReference Include="..\module\merchandise\ufrmSupplier.pas">
            <Form>frmSupplier</Form>
        </DCCReference>
        <DCCReference Include="..\module\merchandise\ufrmDialogSupplier.pas">
            <Form>frmDialogSupplier</Form>
        </DCCReference>
        <DCCReference Include="..\module\merchandise\ufrmOutstandingPO.pas">
            <Form>frmOutstandingPO</Form>
        </DCCReference>
        <DCCReference Include="..\module\merchandise\ufrmDayOfPO.pas">
            <Form>frmDayofPO</Form>
        </DCCReference>
        <DCCReference Include="..\module\merchandise\ufrmDisplayPO.pas">
            <Form>frmDisplayPO</Form>
        </DCCReference>
        <DCCReference Include="..\module\merchandise\ufrmSearchPO.pas">
            <Form>frmDialogSearchPO</Form>
        </DCCReference>
        <DCCReference Include="..\system\ufrmMasterDialogBrowse.pas">
            <Form>frmMasterDialogBrowse</Form>
        </DCCReference>
        <DCCReference Include="..\model\uModSuplier.pas"/>
        <DCCReference Include="..\model\uModBarang.pas"/>
        <DCCReference Include="..\module\product\ufrmDialogKategori.pas">
            <Form>frmDialogKategori</Form>
        </DCCReference>
        <DCCReference Include="..\module\product\ufrmDialogMerchandise.pas">
            <Form>frmDialogMerchandise</Form>
        </DCCReference>
        <DCCReference Include="..\module\product\ufrmDialogMerchandiseGroup.pas">
            <Form>frmDialogMerchandiseGroup</Form>
        </DCCReference>
        <DCCReference Include="..\module\product\ufrmDialogMerk.pas">
            <Form>frmDialogMerk</Form>
        </DCCReference>
        <DCCReference Include="..\module\product\ufrmDialogSubGroup.pas">
            <Form>frmDialogSubGroup</Form>
        </DCCReference>
        <DCCReference Include="..\module\product\ufrmKategori.pas">
            <Form>frmKategori</Form>
        </DCCReference>
        <DCCReference Include="..\module\product\ufrmMerchandise.pas">
            <Form>frmMerchandise</Form>
        </DCCReference>
        <DCCReference Include="..\module\product\ufrmMerchandiseGroup.pas">
            <Form>frmMerchandiseGroup</Form>
        </DCCReference>
        <DCCReference Include="..\module\product\ufrmMerk.pas">
            <Form>frmMerk</Form>
        </DCCReference>
        <DCCReference Include="..\module\product\ufrmSubGroup.pas">
            <Form>frmSubGroup</Form>
        </DCCReference>
        <DCCReference Include="..\module\merchandise\ufrmQuotation.pas">
            <Form>frmQuotation</Form>
        </DCCReference>
        <DCCReference Include="..\module\merchandise\ufrmDialogQuotation.pas">
            <Form>frmDialogQuotation</Form>
        </DCCReference>
        <DCCReference Include="..\module\references\ufrmDialogOutlet.pas">
            <Form>frmDialogOutlet</Form>
        </DCCReference>
        <DCCReference Include="..\module\references\ufrmUnit.pas">
            <Form>frmUnit</Form>
        </DCCReference>
        <DCCReference Include="..\module\references\ufrmDialogUnit.pas">
            <Form>frmDialogUnit</Form>
        </DCCReference>
        <DCCReference Include="..\module\merchandise\ufrmDaftarCompetitor.pas">
            <Form>frmDaftarCompetitor</Form>
        </DCCReference>
        <DCCReference Include="..\module\merchandise\ufrmDialogDaftarKompetitor.pas">
            <Form>frmDialogDaftarKompetitor</Form>
        </DCCReference>
        <DCCReference Include="..\module\merchandise\ufrmDialogBarangCompetitor.pas">
            <Form>frmDialogBarangCompetitor</Form>
        </DCCReference>
        <DCCReference Include="..\module\inventory\ufrmListBigTrader.pas">
            <Form>frmListBigTrader</Form>
        </DCCReference>
        <DCCReference Include="..\module\inventory\ufrmListBigSupplier.pas">
            <Form>frmListBigSupplier</Form>
        </DCCReference>
        <DCCReference Include="..\module\references\ufrmCompany.pas">
            <Form>frmCompany</Form>
        </DCCReference>
        <DCCReference Include="..\module\references\ufrmDialogCompany.pas">
            <Form>frmDialogCompany</Form>
        </DCCReference>
        <DCCReference Include="..\classes\uClientClasses.pas"/>
        <DCCReference Include="..\model\uModUnit.pas"/>
        <DCCReference Include="..\module\references\ufrmOutlet.pas">
            <Form>frmOutlet</Form>
            <FormType>dfm</FormType>
        </DCCReference>
        <DCCReference Include="..\module\accounting\ufrmVoucher.pas">
            <Form>frmVoucher</Form>
            <FormType>dfm</FormType>
        </DCCReference>
        <DCCReference Include="..\module\accounting\ufrmDialogVoucher.pas">
            <Form>frmDialogVoucher</Form>
            <FormType>dfm</FormType>
        </DCCReference>
        <DCCReference Include="..\module\accounting\ufrmSetupCashManagement.pas">
            <Form>frmSetupCashManagement</Form>
        </DCCReference>
        <DCCReference Include="..\module\finance\ufrmPemakaianBarcode.pas">
            <Form>frmPemakaianBarcode</Form>
        </DCCReference>
        <DCCReference Include="..\module\finance\ufrmElectricCustomer.pas">
            <Form>frmElectricCustomer</Form>
        </DCCReference>
        <DCCReference Include="..\module\merchandise\ufrmQuotationHargaBeli.pas">
            <Form>frmQuotationHargaBeli</Form>
            <FormType>dfm</FormType>
        </DCCReference>
        <DCCReference Include="..\module\merchandise\ufrmDialogQuotationHargaBeli.pas">
            <Form>frmDialogQuotationHargaBeli</Form>
            <FormType>dfm</FormType>
        </DCCReference>
        <DCCReference Include="..\module\merchandise\ufrmDialogQuotationMailerNeo.pas">
            <Form>frmDialogQuotationMailerNeo</Form>
            <FormType>dfm</FormType>
        </DCCReference>
        <DCCReference Include="..\module\merchandise\ufrmQuotationMailer.pas">
            <Form>frmQuotationMailer</Form>
            <FormType>dfm</FormType>
        </DCCReference>
        <DCCReference Include="..\model\uModTipeKirimPO.pas"/>
        <DCCReference Include="..\module\customer_support\ufrmMemberShip.pas">
            <Form>frmMemberShip</Form>
            <FormType>dfm</FormType>
        </DCCReference>
        <DCCReference Include="..\module\customer_support\ufrmDialogMemberShip.pas">
            <Form>frmDialogMemberShip</Form>
            <FormType>dfm</FormType>
        </DCCReference>
        <DCCReference Include="..\model\uModMember.pas"/>
        <DCCReference Include="..\module\merchandise\ufrmSupplierGroup.pas">
            <Form>frmSupplierGroup</Form>
        </DCCReference>
        <DCCReference Include="..\module\merchandise\ufrmDialogSupplierGroup.pas">
            <Form>frmDialogSupplierGroup</Form>
        </DCCReference>
        <DCCReference Include="..\client\ui\ufrmMouselessMenu.pas">
            <Form>frmMouselesMenu</Form>
            <FormType>dfm</FormType>
        </DCCReference>
        <DCCReference Include="..\module\merchandise\uFrmGenPO.pas">
            <Form>frmGenPO</Form>
            <FormType>dfm</FormType>
        </DCCReference>
        <DCCReference Include="..\module\merchandise\uFrmPODisp.pas">
            <Form>frmPODisp</Form>
            <FormType>dfm</FormType>
        </DCCReference>
        <DCCReference Include="..\module\merchandise\ufrmListQuotation.pas">
            <Form>frmListQuotation</Form>
            <FormType>dfm</FormType>
        </DCCReference>
        <DCCReference Include="..\system\ufrmDialogPrintPreview.pas">
            <Form>frmDialogPrintPreview</Form>
            <FormType>dfm</FormType>
        </DCCReference>
        <DCCReference Include="..\system\uDMReport.pas">
            <Form>dmReport</Form>
            <FormType>dfm</FormType>
        </DCCReference>
        <DCCReference Include="..\lib\HPHELP.PAS"/>
        <DCCReference Include="..\module\merchandise\ufrmListQuotHB.pas">
            <Form>frmListQuotHB</Form>
            <FormType>dfm</FormType>
        </DCCReference>
        <DCCReference Include="..\module\merchandise\ufrmListQuotMailer.pas">
            <Form>frmListQuotMailer</Form>
            <FormType>dfm</FormType>
        </DCCReference>
        <DCCReference Include="..\module\merchandise\ufrmCetakPO.pas">
            <Form>frmCetakPO</Form>
            <FormType>dfm</FormType>
        </DCCReference>
        <DCCReference Include="..\module\merchandise\ufrmChangeStatusPO.pas">
            <Form>frmChangeStatusPO</Form>
            <FormType>dfm</FormType>
        </DCCReference>
        <DCCReference Include="..\module\inventory\ufrmStokBarang.pas">
            <Form>frmStokBarang</Form>
            <FormType>dfm</FormType>
        </DCCReference>
        <DCCReference Include="..\module\merchandise\ufrmListingPOByMerchandisingGroup.pas">
            <Form>frmListingPOByMerchandisingGroup</Form>
            <FormType>dfm</FormType>
        </DCCReference>
        <DCCReference Include="..\module\merchandise\ufrmHistoryPO.pas">
            <Form>frmHistoryPO</Form>
            <FormType>dfm</FormType>
        </DCCReference>
        <DCCReference Include="..\module\merchandise\ufrmPrintHistoryPOBySupplier.pas">
            <Form>frmPrintHistoryPOBySupplier</Form>
            <FormType>dfm</FormType>
        </DCCReference>
        <DCCReference Include="..\module\inventory\ufrmInvMovementQTY.pas">
            <Form>frmInvMovementQTY</Form>
            <FormType>dfm</FormType>
        </DCCReference>
        <DCCReference Include="..\module\inventory\ufrmRetur.pas">
            <Form>frmRetur</Form>
            <FormType>dfm</FormType>
        </DCCReference>
        <DCCReference Include="..\module\inventory\ufrmDialogRetur.pas">
            <Form>frmDialogRetur</Form>
            <FormType>dfm</FormType>
        </DCCReference>
        <DCCReference Include="..\module\inventory\ufrmLaporanRetur.pas">
            <Form>frmLaporanRetur</Form>
            <FormType>dfm</FormType>
        </DCCReference>
        <DCCReference Include="..\module\po\ufrmCancellationPO.pas">
            <Form>frmCancellationPO</Form>
            <FormType>dfm</FormType>
        </DCCReference>
        <DCCReference Include="..\model\uModPropinsi.pas"/>
        <DCCReference Include="..\module\inventory\ufrmDSI.pas">
            <Form>frmDSI</Form>
            <FormType>dfm</FormType>
        </DCCReference>
        <DCCReference Include="..\module\inventory\ufrmGudang.pas">
            <Form>frmGudang</Form>
            <FormType>dfm</FormType>
        </DCCReference>
        <DCCReference Include="..\module\inventory\ufrmDialogGudang.pas">
            <Form>frmDialogGudang</Form>
            <FormType>dfm</FormType>
        </DCCReference>
        <DCCReference Include="..\model\uModGudang.pas"/>
        <DCCReference Include="..\module\inventory\ufrmReprintNP.pas">
            <Form>frmReprintNP</Form>
            <FormType>dfm</FormType>
        </DCCReference>
        <DCCReference Include="..\module\inventory\ufrmGoodsReceiving.pas">
            <Form>frmGoodsReceiving</Form>
            <FormType>dfm</FormType>
        </DCCReference>
        <DCCReference Include="..\model\uModMataUang.pas"/>
        <DCCReference Include="..\module\references\ufrmMataUang.pas">
            <Form>frmMataUang</Form>
            <FormType>dfm</FormType>
        </DCCReference>
        <DCCReference Include="..\model\uModTipeBonus.pas"/>
        <DCCReference Include="..\module\references\ufrmTipeBonus.pas">
            <Form>frmTipeBonus</Form>
            <FormType>dfm</FormType>
        </DCCReference>
        <DCCReference Include="..\model\uModTipeCN.pas"/>
        <DCCReference Include="..\module\references\ufrmTipeCN.pas">
            <Form>frmTipeCN</Form>
            <FormType>dfm</FormType>
        </DCCReference>
        <BuildConfiguration Include="Debug">
            <Key>Cfg_2</Key>
            <CfgParent>Base</CfgParent>
        </BuildConfiguration>
        <BuildConfiguration Include="Base">
            <Key>Base</Key>
        </BuildConfiguration>
        <BuildConfiguration Include="Release">
            <Key>Cfg_1</Key>
            <CfgParent>Base</CfgParent>
        </BuildConfiguration>
    </ItemGroup>
    <ProjectExtensions>
        <Borland.Personality>Delphi.Personality.12</Borland.Personality>
        <Borland.ProjectType/>
        <BorlandProject>
            <Delphi.Personality>
                <Source>
                    <Source Name="MainSource">ho.dpr</Source>
                </Source>
                <Excluded_Packages>
                    <Excluded_Packages Name="$(BDSBIN)\dcloffice2k230.bpl">Microsoft Office 2000 Sample Automation Server Wrapper Components</Excluded_Packages>
                    <Excluded_Packages Name="$(BDSBIN)\dclofficexp230.bpl">Microsoft Office XP Sample Automation Server Wrapper Components</Excluded_Packages>
                </Excluded_Packages>
            </Delphi.Personality>
            <Platforms>
                <Platform value="Win32">True</Platform>
            </Platforms>
            <Deployment Version="2">
                <DeployFile LocalName="..\..\build\Retno\bin\ho.exe" Configuration="Debug" Class="ProjectOutput">
                    <Platform Name="Win32">
                        <RemoteName>ho.exe</RemoteName>
                        <Overwrite>true</Overwrite>
                    </Platform>
                </DeployFile>
                <DeployFile LocalName="..\lib\HPHELP.PAS" Configuration="Debug" Class="ProjectFile">
                    <Platform Name="Win32">
                        <RemoteDir>.\</RemoteDir>
                        <Overwrite>true</Overwrite>
                    </Platform>
                </DeployFile>
                <DeployClass Name="ProjectiOSDeviceResourceRules">
                    <Platform Name="iOSDevice64">
                        <Operation>1</Operation>
                    </Platform>
                    <Platform Name="iOSDevice32">
                        <Operation>1</Operation>
                    </Platform>
                </DeployClass>
                <DeployClass Name="ProjectOSXResource">
                    <Platform Name="OSX32">
                        <RemoteDir>Contents\Resources</RemoteDir>
                        <Operation>1</Operation>
                    </Platform>
                </DeployClass>
                <DeployClass Name="AndroidClassesDexFile">
                    <Platform Name="Android">
                        <RemoteDir>classes</RemoteDir>
                        <Operation>1</Operation>
                    </Platform>
                </DeployClass>
                <DeployClass Name="AdditionalDebugSymbols">
                    <Platform Name="Win32">
                        <RemoteDir>Contents\MacOS</RemoteDir>
                        <Operation>0</Operation>
                    </Platform>
                    <Platform Name="iOSSimulator">
                        <Operation>1</Operation>
                    </Platform>
                    <Platform Name="OSX32">
                        <RemoteDir>Contents\MacOS</RemoteDir>
                        <Operation>1</Operation>
                    </Platform>
                </DeployClass>
                <DeployClass Name="iPad_Launch768">
                    <Platform Name="iOSSimulator">
                        <Operation>1</Operation>
                    </Platform>
                    <Platform Name="iOSDevice64">
                        <Operation>1</Operation>
                    </Platform>
                    <Platform Name="iOSDevice32">
                        <Operation>1</Operation>
                    </Platform>
                </DeployClass>
                <DeployClass Name="Android_LauncherIcon144">
                    <Platform Name="Android">
                        <RemoteDir>res\drawable-xxhdpi</RemoteDir>
                        <Operation>1</Operation>
                    </Platform>
                </DeployClass>
                <DeployClass Name="AndroidLibnativeMipsFile">
                    <Platform Name="Android">
                        <RemoteDir>library\lib\mips</RemoteDir>
                        <Operation>1</Operation>
                    </Platform>
                </DeployClass>
                <DeployClass Required="true" Name="ProjectOutput">
                    <Platform Name="Win32">
                        <Operation>0</Operation>
                    </Platform>
                    <Platform Name="iOSDevice64">
                        <Operation>1</Operation>
                    </Platform>
                    <Platform Name="OSX32">
                        <RemoteDir>Contents\MacOS</RemoteDir>
                        <Operation>1</Operation>
                    </Platform>
                    <Platform Name="iOSDevice32">
                        <Operation>1</Operation>
                    </Platform>
                    <Platform Name="Android">
                        <RemoteDir>library\lib\armeabi-v7a</RemoteDir>
                        <Operation>1</Operation>
                    </Platform>
                    <Platform Name="iOSSimulator">
                        <Operation>1</Operation>
                    </Platform>
                </DeployClass>
                <DeployClass Name="DependencyFramework">
                    <Platform Name="Win32">
                        <Operation>0</Operation>
                    </Platform>
                    <Platform Name="OSX32">
                        <RemoteDir>Contents\MacOS</RemoteDir>
                        <Operation>1</Operation>
                        <Extensions>.framework</Extensions>
                    </Platform>
                </DeployClass>
                <DeployClass Name="iPhone_Launch640">
                    <Platform Name="iOSSimulator">
                        <Operation>1</Operation>
                    </Platform>
                    <Platform Name="iOSDevice64">
                        <Operation>1</Operation>
                    </Platform>
                    <Platform Name="iOSDevice32">
                        <Operation>1</Operation>
                    </Platform>
                </DeployClass>
                <DeployClass Name="iPad_Launch1024">
                    <Platform Name="iOSSimulator">
                        <Operation>1</Operation>
                    </Platform>
                    <Platform Name="iOSDevice64">
                        <Operation>1</Operation>
                    </Platform>
                    <Platform Name="iOSDevice32">
                        <Operation>1</Operation>
                    </Platform>
                </DeployClass>
                <DeployClass Name="ProjectiOSDeviceDebug">
                    <Platform Name="iOSDevice64">
                        <RemoteDir>..\$(PROJECTNAME).app.dSYM\Contents\Resources\DWARF</RemoteDir>
                        <Operation>1</Operation>
                    </Platform>
                    <Platform Name="iOSDevice32">
                        <RemoteDir>..\$(PROJECTNAME).app.dSYM\Contents\Resources\DWARF</RemoteDir>
                        <Operation>1</Operation>
                    </Platform>
                </DeployClass>
                <DeployClass Name="AndroidLibnativeX86File">
                    <Platform Name="Android">
                        <RemoteDir>library\lib\x86</RemoteDir>
                        <Operation>1</Operation>
                    </Platform>
                </DeployClass>
                <DeployClass Name="iPhone_Launch320">
                    <Platform Name="iOSSimulator">
                        <Operation>1</Operation>
                    </Platform>
                    <Platform Name="iOSDevice64">
                        <Operation>1</Operation>
                    </Platform>
                    <Platform Name="iOSDevice32">
                        <Operation>1</Operation>
                    </Platform>
                </DeployClass>
                <DeployClass Name="ProjectiOSInfoPList">
                    <Platform Name="iOSSimulator">
                        <Operation>1</Operation>
                    </Platform>
                    <Platform Name="iOSDevice64">
                        <Operation>1</Operation>
                    </Platform>
                    <Platform Name="iOSDevice32">
                        <Operation>1</Operation>
                    </Platform>
                </DeployClass>
                <DeployClass Name="AndroidLibnativeArmeabiFile">
                    <Platform Name="Android">
                        <RemoteDir>library\lib\armeabi</RemoteDir>
                        <Operation>1</Operation>
                    </Platform>
                </DeployClass>
                <DeployClass Name="DebugSymbols">
                    <Platform Name="Win32">
                        <Operation>0</Operation>
                    </Platform>
                    <Platform Name="iOSSimulator">
                        <Operation>1</Operation>
                    </Platform>
                    <Platform Name="OSX32">
                        <RemoteDir>Contents\MacOS</RemoteDir>
                        <Operation>1</Operation>
                    </Platform>
                </DeployClass>
                <DeployClass Name="iPad_Launch1536">
                    <Platform Name="iOSSimulator">
                        <Operation>1</Operation>
                    </Platform>
                    <Platform Name="iOSDevice64">
                        <Operation>1</Operation>
                    </Platform>
                    <Platform Name="iOSDevice32">
                        <Operation>1</Operation>
                    </Platform>
                </DeployClass>
                <DeployClass Name="Android_SplashImage470">
                    <Platform Name="Android">
                        <RemoteDir>res\drawable-normal</RemoteDir>
                        <Operation>1</Operation>
                    </Platform>
                </DeployClass>
                <DeployClass Name="Android_LauncherIcon96">
                    <Platform Name="Android">
                        <RemoteDir>res\drawable-xhdpi</RemoteDir>
                        <Operation>1</Operation>
                    </Platform>
                </DeployClass>
                <DeployClass Name="Android_SplashImage640">
                    <Platform Name="Android">
                        <RemoteDir>res\drawable-large</RemoteDir>
                        <Operation>1</Operation>
                    </Platform>
                </DeployClass>
                <DeployClass Name="iPhone_Launch640x1136">
                    <Platform Name="iOSSimulator">
                        <Operation>1</Operation>
                    </Platform>
                    <Platform Name="iOSDevice64">
                        <Operation>1</Operation>
                    </Platform>
                    <Platform Name="iOSDevice32">
                        <Operation>1</Operation>
                    </Platform>
                </DeployClass>
                <DeployClass Name="ProjectiOSEntitlements">
                    <Platform Name="iOSDevice64">
                        <RemoteDir>../</RemoteDir>
                        <Operation>1</Operation>
                    </Platform>
                    <Platform Name="iOSDevice32">
                        <RemoteDir>../</RemoteDir>
                        <Operation>1</Operation>
                    </Platform>
                </DeployClass>
                <DeployClass Name="Android_LauncherIcon72">
                    <Platform Name="Android">
                        <RemoteDir>res\drawable-hdpi</RemoteDir>
                        <Operation>1</Operation>
                    </Platform>
                </DeployClass>
                <DeployClass Name="AndroidGDBServer">
                    <Platform Name="Android">
                        <RemoteDir>library\lib\armeabi-v7a</RemoteDir>
                        <Operation>1</Operation>
                    </Platform>
                </DeployClass>
                <DeployClass Name="ProjectOSXInfoPList">
                    <Platform Name="OSX32">
                        <RemoteDir>Contents</RemoteDir>
                        <Operation>1</Operation>
                    </Platform>
                </DeployClass>
                <DeployClass Name="ProjectOSXEntitlements">
                    <Platform Name="OSX32">
                        <RemoteDir>../</RemoteDir>
                        <Operation>1</Operation>
                    </Platform>
                </DeployClass>
                <DeployClass Name="iPad_Launch2048">
                    <Platform Name="iOSSimulator">
                        <Operation>1</Operation>
                    </Platform>
                    <Platform Name="iOSDevice64">
                        <Operation>1</Operation>
                    </Platform>
                    <Platform Name="iOSDevice32">
                        <Operation>1</Operation>
                    </Platform>
                </DeployClass>
                <DeployClass Name="AndroidSplashStyles">
                    <Platform Name="Android">
                        <RemoteDir>res\values</RemoteDir>
                        <Operation>1</Operation>
                    </Platform>
                </DeployClass>
                <DeployClass Name="Android_SplashImage426">
                    <Platform Name="Android">
                        <RemoteDir>res\drawable-small</RemoteDir>
                        <Operation>1</Operation>
                    </Platform>
                </DeployClass>
                <DeployClass Name="AndroidSplashImageDef">
                    <Platform Name="Android">
                        <RemoteDir>res\drawable</RemoteDir>
                        <Operation>1</Operation>
                    </Platform>
                </DeployClass>
                <DeployClass Name="ProjectiOSResource">
                    <Platform Name="iOSSimulator">
                        <Operation>1</Operation>
                    </Platform>
                    <Platform Name="iOSDevice64">
                        <Operation>1</Operation>
                    </Platform>
                    <Platform Name="iOSDevice32">
                        <Operation>1</Operation>
                    </Platform>
                </DeployClass>
                <DeployClass Name="ProjectAndroidManifest">
                    <Platform Name="Android">
                        <Operation>1</Operation>
                    </Platform>
                </DeployClass>
                <DeployClass Name="Android_DefaultAppIcon">
                    <Platform Name="Android">
                        <RemoteDir>res\drawable</RemoteDir>
                        <Operation>1</Operation>
                    </Platform>
                </DeployClass>
                <DeployClass Name="File">
                    <Platform Name="Win32">
                        <Operation>0</Operation>
                    </Platform>
                    <Platform Name="iOSDevice64">
                        <Operation>0</Operation>
                    </Platform>
                    <Platform Name="OSX32">
                        <RemoteDir>Contents\Resources\StartUp\</RemoteDir>
                        <Operation>0</Operation>
                    </Platform>
                    <Platform Name="iOSDevice32">
                        <Operation>0</Operation>
                    </Platform>
                    <Platform Name="Android">
                        <Operation>0</Operation>
                    </Platform>
                    <Platform Name="iOSSimulator">
                        <Operation>0</Operation>
                    </Platform>
                </DeployClass>
                <DeployClass Name="AndroidServiceOutput">
                    <Platform Name="Android">
                        <RemoteDir>library\lib\armeabi-v7a</RemoteDir>
                        <Operation>1</Operation>
                    </Platform>
                </DeployClass>
                <DeployClass Required="true" Name="DependencyPackage">
                    <Platform Name="Win32">
                        <Operation>0</Operation>
                        <Extensions>.bpl</Extensions>
                    </Platform>
                    <Platform Name="iOSDevice64">
                        <Operation>1</Operation>
                        <Extensions>.dylib</Extensions>
                    </Platform>
                    <Platform Name="OSX32">
                        <RemoteDir>Contents\MacOS</RemoteDir>
                        <Operation>1</Operation>
                        <Extensions>.dylib</Extensions>
                    </Platform>
                    <Platform Name="iOSDevice32">
                        <Operation>1</Operation>
                        <Extensions>.dylib</Extensions>
                    </Platform>
                    <Platform Name="iOSSimulator">
                        <Operation>1</Operation>
                        <Extensions>.dylib</Extensions>
                    </Platform>
                </DeployClass>
                <DeployClass Name="Android_LauncherIcon48">
                    <Platform Name="Android">
                        <RemoteDir>res\drawable-mdpi</RemoteDir>
                        <Operation>1</Operation>
                    </Platform>
                </DeployClass>
                <DeployClass Name="Android_SplashImage960">
                    <Platform Name="Android">
                        <RemoteDir>res\drawable-xlarge</RemoteDir>
                        <Operation>1</Operation>
                    </Platform>
                </DeployClass>
                <DeployClass Name="Android_LauncherIcon36">
                    <Platform Name="Android">
                        <RemoteDir>res\drawable-ldpi</RemoteDir>
                        <Operation>1</Operation>
                    </Platform>
                </DeployClass>
                <DeployClass Name="DependencyModule">
                    <Platform Name="Win32">
                        <Operation>0</Operation>
                        <Extensions>.dll;.bpl</Extensions>
                    </Platform>
                    <Platform Name="iOSDevice64">
                        <Operation>1</Operation>
                        <Extensions>.dylib</Extensions>
                    </Platform>
                    <Platform Name="OSX32">
                        <RemoteDir>Contents\MacOS</RemoteDir>
                        <Operation>1</Operation>
                        <Extensions>.dylib</Extensions>
                    </Platform>
                    <Platform Name="iOSDevice32">
                        <Operation>1</Operation>
                        <Extensions>.dylib</Extensions>
                    </Platform>
                    <Platform Name="iOSSimulator">
                        <Operation>1</Operation>
                        <Extensions>.dylib</Extensions>
                    </Platform>
                </DeployClass>
                <ProjectRoot Platform="iOSDevice64" Name="$(PROJECTNAME).app"/>
                <ProjectRoot Platform="Win64" Name="$(PROJECTNAME)"/>
                <ProjectRoot Platform="iOSDevice32" Name="$(PROJECTNAME).app"/>
                <ProjectRoot Platform="Win32" Name="$(PROJECTNAME)"/>
                <ProjectRoot Platform="OSX32" Name="$(PROJECTNAME).app"/>
                <ProjectRoot Platform="Android" Name="$(PROJECTNAME)"/>
                <ProjectRoot Platform="iOSSimulator" Name="$(PROJECTNAME).app"/>
            </Deployment>
            <DataSnapProxyLookup>
                <uClientClasses>{A01380B5-3771-45CF-B6B6-022C98D01784}</uClientClasses>
            </DataSnapProxyLookup>
            <ModelSupport>False</ModelSupport>
        </BorlandProject>
        <ProjectFileVersion>12</ProjectFileVersion>
    </ProjectExtensions>
    <Import Project="$(BDS)\Bin\CodeGear.Delphi.Targets" Condition="Exists('$(BDS)\Bin\CodeGear.Delphi.Targets')"/>
    <Import Project="$(APPDATA)\Embarcadero\$(BDSAPPDATABASEDIR)\$(PRODUCTVERSION)\UserTools.proj" Condition="Exists('$(APPDATA)\Embarcadero\$(BDSAPPDATABASEDIR)\$(PRODUCTVERSION)\UserTools.proj')"/>
    <Import Project="$(MSBuildProjectName).deployproj" Condition="Exists('$(MSBuildProjectName).deployproj')"/>
</Project>
